// !$*UTF8*$!
{
	archiveVersion = 1;
	classes = {
	};
	objectVersion = 46;
	objects = {

/* Begin PBXBuildFile section */
		D0407E35197A1B1200894414 /* Foundation.framework in Frameworks */ = {isa = PBXBuildFile; fileRef = D0407E34197A1B1200894414 /* Foundation.framework */; };
		D0407E37197A1B1200894414 /* CoreGraphics.framework in Frameworks */ = {isa = PBXBuildFile; fileRef = D0407E36197A1B1200894414 /* CoreGraphics.framework */; };
		D0407E39197A1B1200894414 /* UIKit.framework in Frameworks */ = {isa = PBXBuildFile; fileRef = D0407E38197A1B1200894414 /* UIKit.framework */; };
		D0407E3F197A1B1200894414 /* InfoPlist.strings in Resources */ = {isa = PBXBuildFile; fileRef = D0407E3D197A1B1200894414 /* InfoPlist.strings */; };
		D0407E41197A1B1200894414 /* main.m in Sources */ = {isa = PBXBuildFile; fileRef = D0407E40197A1B1200894414 /* main.m */; };
		D0407E45197A1B1200894414 /* AppDelegate.m in Sources */ = {isa = PBXBuildFile; fileRef = D0407E44197A1B1200894414 /* AppDelegate.m */; };
		D0407E48197A1B1200894414 /* Main.storyboard in Resources */ = {isa = PBXBuildFile; fileRef = D0407E46197A1B1200894414 /* Main.storyboard */; };
		D0407E4B197A1B1200894414 /* ViewController.m in Sources */ = {isa = PBXBuildFile; fileRef = D0407E4A197A1B1200894414 /* ViewController.m */; };
		D0407E4D197A1B1200894414 /* Images.xcassets in Resources */ = {isa = PBXBuildFile; fileRef = D0407E4C197A1B1200894414 /* Images.xcassets */; };
		D0407E54197A1B1200894414 /* XCTest.framework in Frameworks */ = {isa = PBXBuildFile; fileRef = D0407E53197A1B1200894414 /* XCTest.framework */; };
		D0407E55197A1B1200894414 /* Foundation.framework in Frameworks */ = {isa = PBXBuildFile; fileRef = D0407E34197A1B1200894414 /* Foundation.framework */; };
		D0407E56197A1B1200894414 /* UIKit.framework in Frameworks */ = {isa = PBXBuildFile; fileRef = D0407E38197A1B1200894414 /* UIKit.framework */; };
		D0407E5E197A1B1200894414 /* InfoPlist.strings in Resources */ = {isa = PBXBuildFile; fileRef = D0407E5C197A1B1200894414 /* InfoPlist.strings */; };
		D0407E60197A1B1200894414 /* JXTTests.m in Sources */ = {isa = PBXBuildFile; fileRef = D0407E5F197A1B1200894414 /* JXTTests.m */; };
		D0407E7A197A257E00894414 /* 设置2.png in Resources */ = {isa = PBXBuildFile; fileRef = D0407E79197A257E00894414 /* 设置2.png */; };
		D0407E7C197A25A600894414 /* 消息2.png in Resources */ = {isa = PBXBuildFile; fileRef = D0407E7B197A25A600894414 /* 消息2.png */; };
		D0407E83197A26BD00894414 /* 搜索1.png in Resources */ = {isa = PBXBuildFile; fileRef = D0407E7D197A26BD00894414 /* 搜索1.png */; };
		D0407E84197A26BD00894414 /* 搜索2.png in Resources */ = {isa = PBXBuildFile; fileRef = D0407E7E197A26BD00894414 /* 搜索2.png */; };
		D0407E85197A26BD00894414 /* 消息1.png in Resources */ = {isa = PBXBuildFile; fileRef = D0407E7F197A26BD00894414 /* 消息1.png */; };
		D0407E86197A26BD00894414 /* 设置1.png in Resources */ = {isa = PBXBuildFile; fileRef = D0407E80197A26BD00894414 /* 设置1.png */; };
		D0407E87197A26BD00894414 /* 首页2.png in Resources */ = {isa = PBXBuildFile; fileRef = D0407E81197A26BD00894414 /* 首页2.png */; };
		D0407E88197A26BD00894414 /* 首页1.png in Resources */ = {isa = PBXBuildFile; fileRef = D0407E82197A26BD00894414 /* 首页1.png */; };
		D0407E8B197A394900894414 /* RootTabBarController.m in Sources */ = {isa = PBXBuildFile; fileRef = D0407E8A197A394900894414 /* RootTabBarController.m */; };
		D0407E8E197A482E00894414 /* BaseNavigationController.m in Sources */ = {isa = PBXBuildFile; fileRef = D0407E8D197A482E00894414 /* BaseNavigationController.m */; };
		D0407E90197A4C2200894414 /* logo.png in Resources */ = {isa = PBXBuildFile; fileRef = D0407E8F197A4C2200894414 /* logo.png */; };
		D0407E93197A4C8800894414 /* detail.png in Resources */ = {isa = PBXBuildFile; fileRef = D0407E91197A4C8800894414 /* detail.png */; };
		D0407E94197A4C8800894414 /* menu.png in Resources */ = {isa = PBXBuildFile; fileRef = D0407E92197A4C8800894414 /* menu.png */; };
		D0407E99197A4CA100894414 /* 名师荟萃.png in Resources */ = {isa = PBXBuildFile; fileRef = D0407E95197A4CA100894414 /* 名师荟萃.png */; };
		D0407E9A197A4CA100894414 /* 微课超市.png in Resources */ = {isa = PBXBuildFile; fileRef = D0407E96197A4CA100894414 /* 微课超市.png */; };
		D0407E9B197A4CA100894414 /* 我的课程.png in Resources */ = {isa = PBXBuildFile; fileRef = D0407E97197A4CA100894414 /* 我的课程.png */; };
		D0407E9C197A4CA100894414 /* 模块背景.png in Resources */ = {isa = PBXBuildFile; fileRef = D0407E98197A4CA100894414 /* 模块背景.png */; };
		D0407E9E197A4D2D00894414 /* banner.png in Resources */ = {isa = PBXBuildFile; fileRef = D0407E9D197A4D2D00894414 /* banner.png */; };
		D0407EA2197A562600894414 /* HomeVC.m in Sources */ = {isa = PBXBuildFile; fileRef = D0407EA1197A562600894414 /* HomeVC.m */; };
		D0407EA8197A56D600894414 /* MyLessonVC.m in Sources */ = {isa = PBXBuildFile; fileRef = D0407EA7197A56D600894414 /* MyLessonVC.m */; };
		D0407EAB197A56EE00894414 /* LessonMarketVC.m in Sources */ = {isa = PBXBuildFile; fileRef = D0407EAA197A56EE00894414 /* LessonMarketVC.m */; };
		D0407EAE197A571400894414 /* TeacherVC.m in Sources */ = {isa = PBXBuildFile; fileRef = D0407EAD197A571400894414 /* TeacherVC.m */; };
		D0407EB1197A6E6A00894414 /* SettingsVC.m in Sources */ = {isa = PBXBuildFile; fileRef = D0407EB0197A6E6A00894414 /* SettingsVC.m */; };
		D061324A197A72DE00052FDC /* addressList.png in Resources */ = {isa = PBXBuildFile; fileRef = D0613240197A72DE00052FDC /* addressList.png */; };
		D061324B197A72DE00052FDC /* cards.png in Resources */ = {isa = PBXBuildFile; fileRef = D0613241197A72DE00052FDC /* cards.png */; };
		D061324C197A72DE00052FDC /* charger.png in Resources */ = {isa = PBXBuildFile; fileRef = D0613242197A72DE00052FDC /* charger.png */; };
		D061324D197A72DE00052FDC /* defaultUser.png in Resources */ = {isa = PBXBuildFile; fileRef = D0613243197A72DE00052FDC /* defaultUser.png */; };
		D061324E197A72DE00052FDC /* myClass.png in Resources */ = {isa = PBXBuildFile; fileRef = D0613244197A72DE00052FDC /* myClass.png */; };
		D061324F197A72DE00052FDC /* myNotice.png in Resources */ = {isa = PBXBuildFile; fileRef = D0613245197A72DE00052FDC /* myNotice.png */; };
		D0613250197A72DE00052FDC /* settings_settings.png in Resources */ = {isa = PBXBuildFile; fileRef = D0613246197A72DE00052FDC /* settings_settings.png */; };
		D0613251197A72DE00052FDC /* shopCart.png in Resources */ = {isa = PBXBuildFile; fileRef = D0613247197A72DE00052FDC /* shopCart.png */; };
		D0613252197A72DE00052FDC /* tradeList.png in Resources */ = {isa = PBXBuildFile; fileRef = D0613248197A72DE00052FDC /* tradeList.png */; };
		D0613253197A72DE00052FDC /* userInfo.png in Resources */ = {isa = PBXBuildFile; fileRef = D0613249197A72DE00052FDC /* userInfo.png */; };
/* End PBXBuildFile section */

/* Begin PBXContainerItemProxy section */
		D0407E57197A1B1200894414 /* PBXContainerItemProxy */ = {
			isa = PBXContainerItemProxy;
			containerPortal = D0407E29197A1B1200894414 /* Project object */;
			proxyType = 1;
			remoteGlobalIDString = D0407E30197A1B1200894414;
			remoteInfo = JXT;
		};
/* End PBXContainerItemProxy section */

/* Begin PBXFileReference section */
		D0407E31197A1B1200894414 /* JXT.app */ = {isa = PBXFileReference; explicitFileType = wrapper.application; includeInIndex = 0; path = JXT.app; sourceTree = BUILT_PRODUCTS_DIR; };
		D0407E34197A1B1200894414 /* Foundation.framework */ = {isa = PBXFileReference; lastKnownFileType = wrapper.framework; name = Foundation.framework; path = System/Library/Frameworks/Foundation.framework; sourceTree = SDKROOT; };
		D0407E36197A1B1200894414 /* CoreGraphics.framework */ = {isa = PBXFileReference; lastKnownFileType = wrapper.framework; name = CoreGraphics.framework; path = System/Library/Frameworks/CoreGraphics.framework; sourceTree = SDKROOT; };
		D0407E38197A1B1200894414 /* UIKit.framework */ = {isa = PBXFileReference; lastKnownFileType = wrapper.framework; name = UIKit.framework; path = System/Library/Frameworks/UIKit.framework; sourceTree = SDKROOT; };
		D0407E3C197A1B1200894414 /* JXT-Info.plist */ = {isa = PBXFileReference; lastKnownFileType = text.plist.xml; path = "JXT-Info.plist"; sourceTree = "<group>"; };
		D0407E3E197A1B1200894414 /* en */ = {isa = PBXFileReference; lastKnownFileType = text.plist.strings; name = en; path = en.lproj/InfoPlist.strings; sourceTree = "<group>"; };
		D0407E40197A1B1200894414 /* main.m */ = {isa = PBXFileReference; lastKnownFileType = sourcecode.c.objc; path = main.m; sourceTree = "<group>"; };
		D0407E42197A1B1200894414 /* JXT-Prefix.pch */ = {isa = PBXFileReference; lastKnownFileType = sourcecode.c.h; path = "JXT-Prefix.pch"; sourceTree = "<group>"; };
		D0407E43197A1B1200894414 /* AppDelegate.h */ = {isa = PBXFileReference; lastKnownFileType = sourcecode.c.h; path = AppDelegate.h; sourceTree = "<group>"; };
		D0407E44197A1B1200894414 /* AppDelegate.m */ = {isa = PBXFileReference; lastKnownFileType = sourcecode.c.objc; path = AppDelegate.m; sourceTree = "<group>"; };
		D0407E47197A1B1200894414 /* Base */ = {isa = PBXFileReference; lastKnownFileType = file.storyboard; name = Base; path = Base.lproj/Main.storyboard; sourceTree = "<group>"; };
		D0407E49197A1B1200894414 /* ViewController.h */ = {isa = PBXFileReference; lastKnownFileType = sourcecode.c.h; path = ViewController.h; sourceTree = "<group>"; };
		D0407E4A197A1B1200894414 /* ViewController.m */ = {isa = PBXFileReference; lastKnownFileType = sourcecode.c.objc; path = ViewController.m; sourceTree = "<group>"; };
		D0407E4C197A1B1200894414 /* Images.xcassets */ = {isa = PBXFileReference; lastKnownFileType = folder.assetcatalog; path = Images.xcassets; sourceTree = "<group>"; };
		D0407E52197A1B1200894414 /* JXTTests.xctest */ = {isa = PBXFileReference; explicitFileType = wrapper.cfbundle; includeInIndex = 0; path = JXTTests.xctest; sourceTree = BUILT_PRODUCTS_DIR; };
		D0407E53197A1B1200894414 /* XCTest.framework */ = {isa = PBXFileReference; lastKnownFileType = wrapper.framework; name = XCTest.framework; path = Library/Frameworks/XCTest.framework; sourceTree = DEVELOPER_DIR; };
		D0407E5B197A1B1200894414 /* JXTTests-Info.plist */ = {isa = PBXFileReference; lastKnownFileType = text.plist.xml; path = "JXTTests-Info.plist"; sourceTree = "<group>"; };
		D0407E5D197A1B1200894414 /* en */ = {isa = PBXFileReference; lastKnownFileType = text.plist.strings; name = en; path = en.lproj/InfoPlist.strings; sourceTree = "<group>"; };
		D0407E5F197A1B1200894414 /* JXTTests.m */ = {isa = PBXFileReference; lastKnownFileType = sourcecode.c.objc; path = JXTTests.m; sourceTree = "<group>"; };
		D0407E79197A257E00894414 /* 设置2.png */ = {isa = PBXFileReference; lastKnownFileType = image.png; path = "设置2.png"; sourceTree = "<group>"; };
		D0407E7B197A25A600894414 /* 消息2.png */ = {isa = PBXFileReference; lastKnownFileType = image.png; path = "消息2.png"; sourceTree = "<group>"; };
		D0407E7D197A26BD00894414 /* 搜索1.png */ = {isa = PBXFileReference; lastKnownFileType = image.png; path = "搜索1.png"; sourceTree = "<group>"; };
		D0407E7E197A26BD00894414 /* 搜索2.png */ = {isa = PBXFileReference; lastKnownFileType = image.png; path = "搜索2.png"; sourceTree = "<group>"; };
		D0407E7F197A26BD00894414 /* 消息1.png */ = {isa = PBXFileReference; lastKnownFileType = image.png; path = "消息1.png"; sourceTree = "<group>"; };
		D0407E80197A26BD00894414 /* 设置1.png */ = {isa = PBXFileReference; lastKnownFileType = image.png; path = "设置1.png"; sourceTree = "<group>"; };
		D0407E81197A26BD00894414 /* 首页2.png */ = {isa = PBXFileReference; lastKnownFileType = image.png; path = "首页2.png"; sourceTree = "<group>"; };
		D0407E82197A26BD00894414 /* 首页1.png */ = {isa = PBXFileReference; lastKnownFileType = image.png; path = "首页1.png"; sourceTree = "<group>"; };
		D0407E89197A394900894414 /* RootTabBarController.h */ = {isa = PBXFileReference; fileEncoding = 4; lastKnownFileType = sourcecode.c.h; path = RootTabBarController.h; sourceTree = "<group>"; };
		D0407E8A197A394900894414 /* RootTabBarController.m */ = {isa = PBXFileReference; fileEncoding = 4; lastKnownFileType = sourcecode.c.objc; path = RootTabBarController.m; sourceTree = "<group>"; };
		D0407E8C197A482E00894414 /* BaseNavigationController.h */ = {isa = PBXFileReference; fileEncoding = 4; lastKnownFileType = sourcecode.c.h; path = BaseNavigationController.h; sourceTree = "<group>"; };
		D0407E8D197A482E00894414 /* BaseNavigationController.m */ = {isa = PBXFileReference; fileEncoding = 4; lastKnownFileType = sourcecode.c.objc; path = BaseNavigationController.m; sourceTree = "<group>"; };
		D0407E8F197A4C2200894414 /* logo.png */ = {isa = PBXFileReference; lastKnownFileType = image.png; path = logo.png; sourceTree = "<group>"; };
		D0407E91197A4C8800894414 /* detail.png */ = {isa = PBXFileReference; lastKnownFileType = image.png; path = detail.png; sourceTree = "<group>"; };
		D0407E92197A4C8800894414 /* menu.png */ = {isa = PBXFileReference; lastKnownFileType = image.png; path = menu.png; sourceTree = "<group>"; };
		D0407E95197A4CA100894414 /* 名师荟萃.png */ = {isa = PBXFileReference; lastKnownFileType = image.png; path = "名师荟萃.png"; sourceTree = "<group>"; };
		D0407E96197A4CA100894414 /* 微课超市.png */ = {isa = PBXFileReference; lastKnownFileType = image.png; path = "微课超市.png"; sourceTree = "<group>"; };
		D0407E97197A4CA100894414 /* 我的课程.png */ = {isa = PBXFileReference; lastKnownFileType = image.png; path = "我的课程.png"; sourceTree = "<group>"; };
		D0407E98197A4CA100894414 /* 模块背景.png */ = {isa = PBXFileReference; lastKnownFileType = image.png; path = "模块背景.png"; sourceTree = "<group>"; };
		D0407E9D197A4D2D00894414 /* banner.png */ = {isa = PBXFileReference; lastKnownFileType = image.png; path = banner.png; sourceTree = "<group>"; };
		D0407EA0197A562600894414 /* HomeVC.h */ = {isa = PBXFileReference; fileEncoding = 4; lastKnownFileType = sourcecode.c.h; path = HomeVC.h; sourceTree = "<group>"; };
		D0407EA1197A562600894414 /* HomeVC.m */ = {isa = PBXFileReference; fileEncoding = 4; lastKnownFileType = sourcecode.c.objc; path = HomeVC.m; sourceTree = "<group>"; };
		D0407EA6197A56D600894414 /* MyLessonVC.h */ = {isa = PBXFileReference; fileEncoding = 4; lastKnownFileType = sourcecode.c.h; path = MyLessonVC.h; sourceTree = "<group>"; };
		D0407EA7197A56D600894414 /* MyLessonVC.m */ = {isa = PBXFileReference; fileEncoding = 4; lastKnownFileType = sourcecode.c.objc; path = MyLessonVC.m; sourceTree = "<group>"; };
		D0407EA9197A56EE00894414 /* LessonMarketVC.h */ = {isa = PBXFileReference; fileEncoding = 4; lastKnownFileType = sourcecode.c.h; path = LessonMarketVC.h; sourceTree = "<group>"; };
		D0407EAA197A56EE00894414 /* LessonMarketVC.m */ = {isa = PBXFileReference; fileEncoding = 4; lastKnownFileType = sourcecode.c.objc; path = LessonMarketVC.m; sourceTree = "<group>"; };
		D0407EAC197A571400894414 /* TeacherVC.h */ = {isa = PBXFileReference; fileEncoding = 4; lastKnownFileType = sourcecode.c.h; path = TeacherVC.h; sourceTree = "<group>"; };
		D0407EAD197A571400894414 /* TeacherVC.m */ = {isa = PBXFileReference; fileEncoding = 4; lastKnownFileType = sourcecode.c.objc; path = TeacherVC.m; sourceTree = "<group>"; };
		D0407EAF197A6E6A00894414 /* SettingsVC.h */ = {isa = PBXFileReference; fileEncoding = 4; lastKnownFileType = sourcecode.c.h; path = SettingsVC.h; sourceTree = "<group>"; };
		D0407EB0197A6E6A00894414 /* SettingsVC.m */ = {isa = PBXFileReference; fileEncoding = 4; lastKnownFileType = sourcecode.c.objc; path = SettingsVC.m; sourceTree = "<group>"; };
		D0613240197A72DE00052FDC /* addressList.png */ = {isa = PBXFileReference; lastKnownFileType = image.png; path = addressList.png; sourceTree = "<group>"; };
		D0613241197A72DE00052FDC /* cards.png */ = {isa = PBXFileReference; lastKnownFileType = image.png; path = cards.png; sourceTree = "<group>"; };
		D0613242197A72DE00052FDC /* charger.png */ = {isa = PBXFileReference; lastKnownFileType = image.png; path = charger.png; sourceTree = "<group>"; };
		D0613243197A72DE00052FDC /* defaultUser.png */ = {isa = PBXFileReference; lastKnownFileType = image.png; path = defaultUser.png; sourceTree = "<group>"; };
		D0613244197A72DE00052FDC /* myClass.png */ = {isa = PBXFileReference; lastKnownFileType = image.png; path = myClass.png; sourceTree = "<group>"; };
		D0613245197A72DE00052FDC /* myNotice.png */ = {isa = PBXFileReference; lastKnownFileType = image.png; path = myNotice.png; sourceTree = "<group>"; };
		D0613246197A72DE00052FDC /* settings_settings.png */ = {isa = PBXFileReference; lastKnownFileType = image.png; path = settings_settings.png; sourceTree = "<group>"; };
		D0613247197A72DE00052FDC /* shopCart.png */ = {isa = PBXFileReference; lastKnownFileType = image.png; path = shopCart.png; sourceTree = "<group>"; };
		D0613248197A72DE00052FDC /* tradeList.png */ = {isa = PBXFileReference; lastKnownFileType = image.png; path = tradeList.png; sourceTree = "<group>"; };
		D0613249197A72DE00052FDC /* userInfo.png */ = {isa = PBXFileReference; lastKnownFileType = image.png; path = userInfo.png; sourceTree = "<group>"; };
/* End PBXFileReference section */

/* Begin PBXFrameworksBuildPhase section */
		D0407E2E197A1B1200894414 /* Frameworks */ = {
			isa = PBXFrameworksBuildPhase;
			buildActionMask = 2147483647;
			files = (
				D0407E37197A1B1200894414 /* CoreGraphics.framework in Frameworks */,
				D0407E39197A1B1200894414 /* UIKit.framework in Frameworks */,
				D0407E35197A1B1200894414 /* Foundation.framework in Frameworks */,
			);
			runOnlyForDeploymentPostprocessing = 0;
		};
		D0407E4F197A1B1200894414 /* Frameworks */ = {
			isa = PBXFrameworksBuildPhase;
			buildActionMask = 2147483647;
			files = (
				D0407E54197A1B1200894414 /* XCTest.framework in Frameworks */,
				D0407E56197A1B1200894414 /* UIKit.framework in Frameworks */,
				D0407E55197A1B1200894414 /* Foundation.framework in Frameworks */,
			);
			runOnlyForDeploymentPostprocessing = 0;
		};
/* End PBXFrameworksBuildPhase section */

/* Begin PBXGroup section */
		D0407E28197A1B1200894414 = {
			isa = PBXGroup;
			children = (
				D0407E69197A207700894414 /* Images */,
				D0407E3A197A1B1200894414 /* JXT */,
				D0407E59197A1B1200894414 /* JXTTests */,
				D0407E33197A1B1200894414 /* Frameworks */,
				D0407E32197A1B1200894414 /* Products */,
			);
			sourceTree = "<group>";
		};
		D0407E32197A1B1200894414 /* Products */ = {
			isa = PBXGroup;
			children = (
				D0407E31197A1B1200894414 /* JXT.app */,
				D0407E52197A1B1200894414 /* JXTTests.xctest */,
			);
			name = Products;
			sourceTree = "<group>";
		};
		D0407E33197A1B1200894414 /* Frameworks */ = {
			isa = PBXGroup;
			children = (
				D0407E34197A1B1200894414 /* Foundation.framework */,
				D0407E36197A1B1200894414 /* CoreGraphics.framework */,
				D0407E38197A1B1200894414 /* UIKit.framework */,
				D0407E53197A1B1200894414 /* XCTest.framework */,
			);
			name = Frameworks;
			sourceTree = "<group>";
		};
		D0407E3A197A1B1200894414 /* JXT */ = {
			isa = PBXGroup;
			children = (
				D0407E43197A1B1200894414 /* AppDelegate.h */,
				D0407E44197A1B1200894414 /* AppDelegate.m */,
				D0407E46197A1B1200894414 /* Main.storyboard */,
				D0407E49197A1B1200894414 /* ViewController.h */,
				D0407E4A197A1B1200894414 /* ViewController.m */,
				D0407E89197A394900894414 /* RootTabBarController.h */,
				D0407E8A197A394900894414 /* RootTabBarController.m */,
				D0407E8C197A482E00894414 /* BaseNavigationController.h */,
				D0407E8D197A482E00894414 /* BaseNavigationController.m */,
				D0407E9F197A55E600894414 /* Home */,
				D0407EA4197A565300894414 /* Message */,
				D0407EA3197A563600894414 /* Search */,
				D0407EA5197A565800894414 /* Settings */,
				D0407E4C197A1B1200894414 /* Images.xcassets */,
				D0407E3B197A1B1200894414 /* Supporting Files */,
			);
			path = JXT;
			sourceTree = "<group>";
		};
		D0407E3B197A1B1200894414 /* Supporting Files */ = {
			isa = PBXGroup;
			children = (
				D0407E3C197A1B1200894414 /* JXT-Info.plist */,
				D0407E3D197A1B1200894414 /* InfoPlist.strings */,
				D0407E40197A1B1200894414 /* main.m */,
				D0407E42197A1B1200894414 /* JXT-Prefix.pch */,
			);
			name = "Supporting Files";
			sourceTree = "<group>";
		};
		D0407E59197A1B1200894414 /* JXTTests */ = {
			isa = PBXGroup;
			children = (
				D0407E5F197A1B1200894414 /* JXTTests.m */,
				D0407E5A197A1B1200894414 /* Supporting Files */,
			);
			path = JXTTests;
			sourceTree = "<group>";
		};
		D0407E5A197A1B1200894414 /* Supporting Files */ = {
			isa = PBXGroup;
			children = (
				D0407E5B197A1B1200894414 /* JXTTests-Info.plist */,
				D0407E5C197A1B1200894414 /* InfoPlist.strings */,
			);
			name = "Supporting Files";
			sourceTree = "<group>";
		};
		D0407E69197A207700894414 /* Images */ = {
			isa = PBXGroup;
			children = (
				D0407E6A197A20E800894414 /* Global */,
				D0407E6B197A20E800894414 /* Home */,
				D0407E6C197A20E800894414 /* Message */,
				D0407E6D197A20E800894414 /* Search */,
				D0407E6E197A20E800894414 /* Setting */,
			);
			path = Images;
			sourceTree = "<group>";
		};
		D0407E6A197A20E800894414 /* Global */ = {
			isa = PBXGroup;
			children = (
				D0407E91197A4C8800894414 /* detail.png */,
				D0407E92197A4C8800894414 /* menu.png */,
				D0407E8F197A4C2200894414 /* logo.png */,
				D0407E7D197A26BD00894414 /* 搜索1.png */,
				D0407E7E197A26BD00894414 /* 搜索2.png */,
				D0407E7F197A26BD00894414 /* 消息1.png */,
				D0407E7B197A25A600894414 /* 消息2.png */,
				D0407E80197A26BD00894414 /* 设置1.png */,
				D0407E79197A257E00894414 /* 设置2.png */,
				D0407E81197A26BD00894414 /* 首页2.png */,
				D0407E82197A26BD00894414 /* 首页1.png */,
			);
			path = Global;
			sourceTree = "<group>";
		};
		D0407E6B197A20E800894414 /* Home */ = {
			isa = PBXGroup;
			children = (
				D0407E9D197A4D2D00894414 /* banner.png */,
				D0407E95197A4CA100894414 /* 名师荟萃.png */,
				D0407E96197A4CA100894414 /* 微课超市.png */,
				D0407E97197A4CA100894414 /* 我的课程.png */,
				D0407E98197A4CA100894414 /* 模块背景.png */,
			);
			path = Home;
			sourceTree = "<group>";
		};
		D0407E6C197A20E800894414 /* Message */ = {
			isa = PBXGroup;
			children = (
			);
			path = Message;
			sourceTree = "<group>";
		};
		D0407E6D197A20E800894414 /* Search */ = {
			isa = PBXGroup;
			children = (
			);
			path = Search;
			sourceTree = "<group>";
		};
		D0407E6E197A20E800894414 /* Setting */ = {
			isa = PBXGroup;
			children = (
				D0613240197A72DE00052FDC /* addressList.png */,
				D0613241197A72DE00052FDC /* cards.png */,
				D0613242197A72DE00052FDC /* charger.png */,
				D0613243197A72DE00052FDC /* defaultUser.png */,
				D0613244197A72DE00052FDC /* myClass.png */,
				D0613245197A72DE00052FDC /* myNotice.png */,
				D0613246197A72DE00052FDC /* settings_settings.png */,
				D0613247197A72DE00052FDC /* shopCart.png */,
				D0613248197A72DE00052FDC /* tradeList.png */,
				D0613249197A72DE00052FDC /* userInfo.png */,
			);
			path = Setting;
			sourceTree = "<group>";
		};
		D0407E9F197A55E600894414 /* Home */ = {
			isa = PBXGroup;
			children = (
				D0407EA0197A562600894414 /* HomeVC.h */,
				D0407EA1197A562600894414 /* HomeVC.m */,
				D0407EA6197A56D600894414 /* MyLessonVC.h */,
				D0407EA7197A56D600894414 /* MyLessonVC.m */,
				D0407EA9197A56EE00894414 /* LessonMarketVC.h */,
				D0407EAA197A56EE00894414 /* LessonMarketVC.m */,
				D0407EAC197A571400894414 /* TeacherVC.h */,
				D0407EAD197A571400894414 /* TeacherVC.m */,
			);
			name = Home;
			sourceTree = "<group>";
		};
		D0407EA3197A563600894414 /* Search */ = {
			isa = PBXGroup;
			children = (
			);
			name = Search;
			sourceTree = "<group>";
		};
		D0407EA4197A565300894414 /* Message */ = {
			isa = PBXGroup;
			children = (
			);
			name = Message;
			sourceTree = "<group>";
		};
		D0407EA5197A565800894414 /* Settings */ = {
			isa = PBXGroup;
			children = (
				D0407EAF197A6E6A00894414 /* SettingsVC.h */,
				D0407EB0197A6E6A00894414 /* SettingsVC.m */,
			);
			name = Settings;
			sourceTree = "<group>";
		};
/* End PBXGroup section */

/* Begin PBXNativeTarget section */
		D0407E30197A1B1200894414 /* JXT */ = {
			isa = PBXNativeTarget;
			buildConfigurationList = D0407E63197A1B1200894414 /* Build configuration list for PBXNativeTarget "JXT" */;
			buildPhases = (
				D0407E2D197A1B1200894414 /* Sources */,
				D0407E2E197A1B1200894414 /* Frameworks */,
				D0407E2F197A1B1200894414 /* Resources */,
			);
			buildRules = (
			);
			dependencies = (
			);
			name = JXT;
			productName = JXT;
			productReference = D0407E31197A1B1200894414 /* JXT.app */;
			productType = "com.apple.product-type.application";
		};
		D0407E51197A1B1200894414 /* JXTTests */ = {
			isa = PBXNativeTarget;
			buildConfigurationList = D0407E66197A1B1200894414 /* Build configuration list for PBXNativeTarget "JXTTests" */;
			buildPhases = (
				D0407E4E197A1B1200894414 /* Sources */,
				D0407E4F197A1B1200894414 /* Frameworks */,
				D0407E50197A1B1200894414 /* Resources */,
			);
			buildRules = (
			);
			dependencies = (
				D0407E58197A1B1200894414 /* PBXTargetDependency */,
			);
			name = JXTTests;
			productName = JXTTests;
			productReference = D0407E52197A1B1200894414 /* JXTTests.xctest */;
			productType = "com.apple.product-type.bundle.unit-test";
		};
/* End PBXNativeTarget section */

/* Begin PBXProject section */
		D0407E29197A1B1200894414 /* Project object */ = {
			isa = PBXProject;
			attributes = {
				LastUpgradeCheck = 0510;
				ORGANIZATIONNAME = "伍 兵";
				TargetAttributes = {
					D0407E51197A1B1200894414 = {
						TestTargetID = D0407E30197A1B1200894414;
					};
				};
			};
			buildConfigurationList = D0407E2C197A1B1200894414 /* Build configuration list for PBXProject "JXT" */;
			compatibilityVersion = "Xcode 3.2";
			developmentRegion = English;
			hasScannedForEncodings = 0;
			knownRegions = (
				en,
				Base,
			);
			mainGroup = D0407E28197A1B1200894414;
			productRefGroup = D0407E32197A1B1200894414 /* Products */;
			projectDirPath = "";
			projectRoot = "";
			targets = (
				D0407E30197A1B1200894414 /* JXT */,
				D0407E51197A1B1200894414 /* JXTTests */,
			);
		};
/* End PBXProject section */

/* Begin PBXResourcesBuildPhase section */
		D0407E2F197A1B1200894414 /* Resources */ = {
			isa = PBXResourcesBuildPhase;
			buildActionMask = 2147483647;
			files = (
				D0407E86197A26BD00894414 /* 设置1.png in Resources */,
				D0407E7A197A257E00894414 /* 设置2.png in Resources */,
				D0407E93197A4C8800894414 /* detail.png in Resources */,
				D061324F197A72DE00052FDC /* myNotice.png in Resources */,
				D0407E4D197A1B1200894414 /* Images.xcassets in Resources */,
				D061324B197A72DE00052FDC /* cards.png in Resources */,
				D0407E9C197A4CA100894414 /* 模块背景.png in Resources */,
				D0613250197A72DE00052FDC /* settings_settings.png in Resources */,
				D0407E94197A4C8800894414 /* menu.png in Resources */,
				D0407E87197A26BD00894414 /* 首页2.png in Resources */,
				D0613251197A72DE00052FDC /* shopCart.png in Resources */,
				D0613253197A72DE00052FDC /* userInfo.png in Resources */,
				D0407E3F197A1B1200894414 /* InfoPlist.strings in Resources */,
				D061324A197A72DE00052FDC /* addressList.png in Resources */,
				D061324E197A72DE00052FDC /* myClass.png in Resources */,
				D0407E88197A26BD00894414 /* 首页1.png in Resources */,
				D0407E83197A26BD00894414 /* 搜索1.png in Resources */,
				D0407E7C197A25A600894414 /* 消息2.png in Resources */,
				D0407E90197A4C2200894414 /* logo.png in Resources */,
				D061324C197A72DE00052FDC /* charger.png in Resources */,
				D0407E99197A4CA100894414 /* 名师荟萃.png in Resources */,
				D0407E85197A26BD00894414 /* 消息1.png in Resources */,
				D0407E48197A1B1200894414 /* Main.storyboard in Resources */,
				D0407E9A197A4CA100894414 /* 微课超市.png in Resources */,
				D0407E9B197A4CA100894414 /* 我的课程.png in Resources */,
				D0613252197A72DE00052FDC /* tradeList.png in Resources */,
				D0407E9E197A4D2D00894414 /* banner.png in Resources */,
				D061324D197A72DE00052FDC /* defaultUser.png in Resources */,
				D0407E84197A26BD00894414 /* 搜索2.png in Resources */,
			);
			runOnlyForDeploymentPostprocessing = 0;
		};
		D0407E50197A1B1200894414 /* Resources */ = {
			isa = PBXResourcesBuildPhase;
			buildActionMask = 2147483647;
			files = (
				D0407E5E197A1B1200894414 /* InfoPlist.strings in Resources */,
			);
			runOnlyForDeploymentPostprocessing = 0;
		};
/* End PBXResourcesBuildPhase section */

/* Begin PBXSourcesBuildPhase section */
		D0407E2D197A1B1200894414 /* Sources */ = {
			isa = PBXSourcesBuildPhase;
			buildActionMask = 2147483647;
			files = (
				D0407E4B197A1B1200894414 /* ViewController.m in Sources */,
				D0407EB1197A6E6A00894414 /* SettingsVC.m in Sources */,
				D0407E8B197A394900894414 /* RootTabBarController.m in Sources */,
				D0407EAE197A571400894414 /* TeacherVC.m in Sources */,
				D0407E45197A1B1200894414 /* AppDelegate.m in Sources */,
				D0407EA2197A562600894414 /* HomeVC.m in Sources */,
				D0407EAB197A56EE00894414 /* LessonMarketVC.m in Sources */,
				D0407E41197A1B1200894414 /* main.m in Sources */,
				D0407EA8197A56D600894414 /* MyLessonVC.m in Sources */,
				D0407E8E197A482E00894414 /* BaseNavigationController.m in Sources */,
			);
			runOnlyForDeploymentPostprocessing = 0;
		};
		D0407E4E197A1B1200894414 /* Sources */ = {
			isa = PBXSourcesBuildPhase;
			buildActionMask = 2147483647;
			files = (
				D0407E60197A1B1200894414 /* JXTTests.m in Sources */,
			);
			runOnlyForDeploymentPostprocessing = 0;
		};
/* End PBXSourcesBuildPhase section */

/* Begin PBXTargetDependency section */
		D0407E58197A1B1200894414 /* PBXTargetDependency */ = {
			isa = PBXTargetDependency;
			target = D0407E30197A1B1200894414 /* JXT */;
			targetProxy = D0407E57197A1B1200894414 /* PBXContainerItemProxy */;
		};
/* End PBXTargetDependency section */

/* Begin PBXVariantGroup section */
		D0407E3D197A1B1200894414 /* InfoPlist.strings */ = {
			isa = PBXVariantGroup;
			children = (
				D0407E3E197A1B1200894414 /* en */,
			);
			name = InfoPlist.strings;
			sourceTree = "<group>";
		};
		D0407E46197A1B1200894414 /* Main.storyboard */ = {
			isa = PBXVariantGroup;
			children = (
				D0407E47197A1B1200894414 /* Base */,
			);
			name = Main.storyboard;
			sourceTree = "<group>";
		};
		D0407E5C197A1B1200894414 /* InfoPlist.strings */ = {
			isa = PBXVariantGroup;
			children = (
				D0407E5D197A1B1200894414 /* en */,
			);
			name = InfoPlist.strings;
			sourceTree = "<group>";
		};
/* End PBXVariantGroup section */

/* Begin XCBuildConfiguration section */
		D0407E61197A1B1200894414 /* Debug */ = {
			isa = XCBuildConfiguration;
			buildSettings = {
				ALWAYS_SEARCH_USER_PATHS = NO;
				CLANG_CXX_LANGUAGE_STANDARD = "gnu++0x";
				CLANG_CXX_LIBRARY = "libc++";
				CLANG_ENABLE_MODULES = YES;
				CLANG_ENABLE_OBJC_ARC = YES;
				CLANG_WARN_BOOL_CONVERSION = YES;
				CLANG_WARN_CONSTANT_CONVERSION = YES;
				CLANG_WARN_DIRECT_OBJC_ISA_USAGE = YES_ERROR;
				CLANG_WARN_EMPTY_BODY = YES;
				CLANG_WARN_ENUM_CONVERSION = YES;
				CLANG_WARN_INT_CONVERSION = YES;
				CLANG_WARN_OBJC_ROOT_CLASS = YES_ERROR;
				CLANG_WARN__DUPLICATE_METHOD_MATCH = YES;
				"CODE_SIGN_IDENTITY[sdk=iphoneos*]" = "iPhone Developer";
				COPY_PHASE_STRIP = NO;
				GCC_C_LANGUAGE_STANDARD = gnu99;
				GCC_DYNAMIC_NO_PIC = NO;
				GCC_OPTIMIZATION_LEVEL = 0;
				GCC_PREPROCESSOR_DEFINITIONS = (
					"DEBUG=1",
					"$(inherited)",
				);
				GCC_SYMBOLS_PRIVATE_EXTERN = NO;
				GCC_WARN_64_TO_32_BIT_CONVERSION = YES;
				GCC_WARN_ABOUT_RETURN_TYPE = YES_ERROR;
				GCC_WARN_UNDECLARED_SELECTOR = YES;
				GCC_WARN_UNINITIALIZED_AUTOS = YES_AGGRESSIVE;
				GCC_WARN_UNUSED_FUNCTION = YES;
				GCC_WARN_UNUSED_VARIABLE = YES;
				IPHONEOS_DEPLOYMENT_TARGET = 7.1;
				ONLY_ACTIVE_ARCH = YES;
				SDKROOT = iphoneos;
			};
			name = Debug;
		};
		D0407E62197A1B1200894414 /* Release */ = {
			isa = XCBuildConfiguration;
			buildSettings = {
				ALWAYS_SEARCH_USER_PATHS = NO;
				CLANG_CXX_LANGUAGE_STANDARD = "gnu++0x";
				CLANG_CXX_LIBRARY = "libc++";
				CLANG_ENABLE_MODULES = YES;
				CLANG_ENABLE_OBJC_ARC = YES;
				CLANG_WARN_BOOL_CONVERSION = YES;
				CLANG_WARN_CONSTANT_CONVERSION = YES;
				CLANG_WARN_DIRECT_OBJC_ISA_USAGE = YES_ERROR;
				CLANG_WARN_EMPTY_BODY = YES;
				CLANG_WARN_ENUM_CONVERSION = YES;
				CLANG_WARN_INT_CONVERSION = YES;
				CLANG_WARN_OBJC_ROOT_CLASS = YES_ERROR;
				CLANG_WARN__DUPLICATE_METHOD_MATCH = YES;
				"CODE_SIGN_IDENTITY[sdk=iphoneos*]" = "iPhone Developer";
				COPY_PHASE_STRIP = YES;
				ENABLE_NS_ASSERTIONS = NO;
				GCC_C_LANGUAGE_STANDARD = gnu99;
				GCC_WARN_64_TO_32_BIT_CONVERSION = YES;
				GCC_WARN_ABOUT_RETURN_TYPE = YES_ERROR;
				GCC_WARN_UNDECLARED_SELECTOR = YES;
				GCC_WARN_UNINITIALIZED_AUTOS = YES_AGGRESSIVE;
				GCC_WARN_UNUSED_FUNCTION = YES;
				GCC_WARN_UNUSED_VARIABLE = YES;
				IPHONEOS_DEPLOYMENT_TARGET = 7.1;
				SDKROOT = iphoneos;
				VALIDATE_PRODUCT = YES;
			};
			name = Release;
		};
		D0407E64197A1B1200894414 /* Debug */ = {
			isa = XCBuildConfiguration;
			buildSettings = {
				ASSETCATALOG_COMPILER_APPICON_NAME = AppIcon;
				ASSETCATALOG_COMPILER_LAUNCHIMAGE_NAME = LaunchImage;
				GCC_PRECOMPILE_PREFIX_HEADER = YES;
				GCC_PREFIX_HEADER = "JXT/JXT-Prefix.pch";
				INFOPLIST_FILE = "JXT/JXT-Info.plist";
				PRODUCT_NAME = "$(TARGET_NAME)";
				WRAPPER_EXTENSION = app;
			};
			name = Debug;
		};
		D0407E65197A1B1200894414 /* Release */ = {
			isa = XCBuildConfiguration;
			buildSettings = {
				ASSETCATALOG_COMPILER_APPICON_NAME = AppIcon;
				ASSETCATALOG_COMPILER_LAUNCHIMAGE_NAME = LaunchImage;
				GCC_PRECOMPILE_PREFIX_HEADER = YES;
				GCC_PREFIX_HEADER = "JXT/JXT-Prefix.pch";
				INFOPLIST_FILE = "JXT/JXT-Info.plist";
				PRODUCT_NAME = "$(TARGET_NAME)";
				WRAPPER_EXTENSION = app;
			};
			name = Release;
		};
		D0407E67197A1B1200894414 /* Debug */ = {
			isa = XCBuildConfiguration;
			buildSettings = {
				BUNDLE_LOADER = "$(BUILT_PRODUCTS_DIR)/JXT.app/JXT";
				FRAMEWORK_SEARCH_PATHS = (
					"$(SDKROOT)/Developer/Library/Frameworks",
					"$(inherited)",
					"$(DEVELOPER_FRAMEWORKS_DIR)",
				);
				GCC_PRECOMPILE_PREFIX_HEADER = YES;
				GCC_PREFIX_HEADER = "JXT/JXT-Prefix.pch";
				GCC_PREPROCESSOR_DEFINITIONS = (
					"DEBUG=1",
					"$(inherited)",
				);
				INFOPLIST_FILE = "JXTTests/JXTTests-Info.plist";
				PRODUCT_NAME = "$(TARGET_NAME)";
				TEST_HOST = "$(BUNDLE_LOADER)";
				WRAPPER_EXTENSION = xctest;
			};
			name = Debug;
		};
		D0407E68197A1B1200894414 /* Release */ = {
			isa = XCBuildConfiguration;
			buildSettings = {
				BUNDLE_LOADER = "$(BUILT_PRODUCTS_DIR)/JXT.app/JXT";
				FRAMEWORK_SEARCH_PATHS = (
					"$(SDKROOT)/Developer/Library/Frameworks",
					"$(inherited)",
					"$(DEVELOPER_FRAMEWORKS_DIR)",
				);
				GCC_PRECOMPILE_PREFIX_HEADER = YES;
				GCC_PREFIX_HEADER = "JXT/JXT-Prefix.pch";
				INFOPLIST_FILE = "JXTTests/JXTTests-Info.plist";
				PRODUCT_NAME = "$(TARGET_NAME)";
				TEST_HOST = "$(BUNDLE_LOADER)";
				WRAPPER_EXTENSION = xctest;
			};
			name = Release;
		};
/* End XCBuildConfiguration section */

/* Begin XCConfigurationList section */
		D0407E2C197A1B1200894414 /* Build configuration list for PBXProject "JXT" */ = {
			isa = XCConfigurationList;
			buildConfigurations = (
				D0407E61197A1B1200894414 /* Debug */,
				D0407E62197A1B1200894414 /* Release */,
			);
			defaultConfigurationIsVisible = 0;
			defaultConfigurationName = Release;
		};
		D0407E63197A1B1200894414 /* Build configuration list for PBXNativeTarget "JXT" */ = {
			isa = XCConfigurationList;
			buildConfigurations = (
				D0407E64197A1B1200894414 /* Debug */,
				D0407E65197A1B1200894414 /* Release */,
			);
			defaultConfigurationIsVisible = 0;
			defaultConfigurationName = Release;
		};
		D0407E66197A1B1200894414 /* Build configuration list for PBXNativeTarget "JXTTests" */ = {
			isa = XCConfigurationList;
			buildConfigurations = (
				D0407E67197A1B1200894414 /* Debug */,
				D0407E68197A1B1200894414 /* Release */,
			);
			defaultConfigurationIsVisible = 0;
			defaultConfigurationName = Release;
		};
/* End XCConfigurationList section */
	};
	rootObject = D0407E29197A1B1200894414 /* Project object */;
}
