// !$*UTF8*$!
{
	archiveVersion = 1;
	classes = {
	};
	objectVersion = 46;
	objects = {

/* Begin PBXBuildFile section */
		C00317A1197F8F3F0072551F /* PersonalVC.m in Sources */ = {isa = PBXBuildFile; fileRef = C00317A0197F8F3F0072551F /* PersonalVC.m */; };
		D0407E35197A1B1200894414 /* Foundation.framework in Frameworks */ = {isa = PBXBuildFile; fileRef = D0407E34197A1B1200894414 /* Foundation.framework */; };
		D0407E37197A1B1200894414 /* CoreGraphics.framework in Frameworks */ = {isa = PBXBuildFile; fileRef = D0407E36197A1B1200894414 /* CoreGraphics.framework */; };
		D0407E39197A1B1200894414 /* UIKit.framework in Frameworks */ = {isa = PBXBuildFile; fileRef = D0407E38197A1B1200894414 /* UIKit.framework */; };
		D0407E3F197A1B1200894414 /* InfoPlist.strings in Resources */ = {isa = PBXBuildFile; fileRef = D0407E3D197A1B1200894414 /* InfoPlist.strings */; };
		D0407E41197A1B1200894414 /* main.m in Sources */ = {isa = PBXBuildFile; fileRef = D0407E40197A1B1200894414 /* main.m */; };
		D0407E45197A1B1200894414 /* AppDelegate.m in Sources */ = {isa = PBXBuildFile; fileRef = D0407E44197A1B1200894414 /* AppDelegate.m */; };
		D0407E48197A1B1200894414 /* Main.storyboard in Resources */ = {isa = PBXBuildFile; fileRef = D0407E46197A1B1200894414 /* Main.storyboard */; };
		D0407E4D197A1B1200894414 /* Images.xcassets in Resources */ = {isa = PBXBuildFile; fileRef = D0407E4C197A1B1200894414 /* Images.xcassets */; };
		D0407E54197A1B1200894414 /* XCTest.framework in Frameworks */ = {isa = PBXBuildFile; fileRef = D0407E53197A1B1200894414 /* XCTest.framework */; };
		D0407E55197A1B1200894414 /* Foundation.framework in Frameworks */ = {isa = PBXBuildFile; fileRef = D0407E34197A1B1200894414 /* Foundation.framework */; };
		D0407E56197A1B1200894414 /* UIKit.framework in Frameworks */ = {isa = PBXBuildFile; fileRef = D0407E38197A1B1200894414 /* UIKit.framework */; };
		D0407E5E197A1B1200894414 /* InfoPlist.strings in Resources */ = {isa = PBXBuildFile; fileRef = D0407E5C197A1B1200894414 /* InfoPlist.strings */; };
		D0407E60197A1B1200894414 /* JXTTests.m in Sources */ = {isa = PBXBuildFile; fileRef = D0407E5F197A1B1200894414 /* JXTTests.m */; };
		D0407E7A197A257E00894414 /* 设置2.png in Resources */ = {isa = PBXBuildFile; fileRef = D0407E79197A257E00894414 /* 设置2.png */; };
		D0407E7C197A25A600894414 /* 消息2.png in Resources */ = {isa = PBXBuildFile; fileRef = D0407E7B197A25A600894414 /* 消息2.png */; };
		D0407E83197A26BD00894414 /* 搜索1.png in Resources */ = {isa = PBXBuildFile; fileRef = D0407E7D197A26BD00894414 /* 搜索1.png */; };
		D0407E84197A26BD00894414 /* 搜索2.png in Resources */ = {isa = PBXBuildFile; fileRef = D0407E7E197A26BD00894414 /* 搜索2.png */; };
		D0407E85197A26BD00894414 /* 消息1.png in Resources */ = {isa = PBXBuildFile; fileRef = D0407E7F197A26BD00894414 /* 消息1.png */; };
		D0407E86197A26BD00894414 /* 设置1.png in Resources */ = {isa = PBXBuildFile; fileRef = D0407E80197A26BD00894414 /* 设置1.png */; };
		D0407E87197A26BD00894414 /* 首页2.png in Resources */ = {isa = PBXBuildFile; fileRef = D0407E81197A26BD00894414 /* 首页2.png */; };
		D0407E88197A26BD00894414 /* 首页1.png in Resources */ = {isa = PBXBuildFile; fileRef = D0407E82197A26BD00894414 /* 首页1.png */; };
		D0407E8B197A394900894414 /* RootTabBarController.m in Sources */ = {isa = PBXBuildFile; fileRef = D0407E8A197A394900894414 /* RootTabBarController.m */; };
		D0407E8E197A482E00894414 /* BaseNavigationController.m in Sources */ = {isa = PBXBuildFile; fileRef = D0407E8D197A482E00894414 /* BaseNavigationController.m */; };
		D0407E90197A4C2200894414 /* logo.png in Resources */ = {isa = PBXBuildFile; fileRef = D0407E8F197A4C2200894414 /* logo.png */; };
		D0407E93197A4C8800894414 /* detail.png in Resources */ = {isa = PBXBuildFile; fileRef = D0407E91197A4C8800894414 /* detail.png */; };
		D0407E94197A4C8800894414 /* menu.png in Resources */ = {isa = PBXBuildFile; fileRef = D0407E92197A4C8800894414 /* menu.png */; };
		D0407E99197A4CA100894414 /* 名师荟萃.png in Resources */ = {isa = PBXBuildFile; fileRef = D0407E95197A4CA100894414 /* 名师荟萃.png */; };
		D0407E9A197A4CA100894414 /* 微课超市.png in Resources */ = {isa = PBXBuildFile; fileRef = D0407E96197A4CA100894414 /* 微课超市.png */; };
		D0407E9B197A4CA100894414 /* 我的课程.png in Resources */ = {isa = PBXBuildFile; fileRef = D0407E97197A4CA100894414 /* 我的课程.png */; };
		D0407E9C197A4CA100894414 /* 模块背景.png in Resources */ = {isa = PBXBuildFile; fileRef = D0407E98197A4CA100894414 /* 模块背景.png */; };
		D0407E9E197A4D2D00894414 /* banner.png in Resources */ = {isa = PBXBuildFile; fileRef = D0407E9D197A4D2D00894414 /* banner.png */; };
		D0407EA2197A562600894414 /* HomeVC.m in Sources */ = {isa = PBXBuildFile; fileRef = D0407EA1197A562600894414 /* HomeVC.m */; };
		D0407EA8197A56D600894414 /* MyLessonVC.m in Sources */ = {isa = PBXBuildFile; fileRef = D0407EA7197A56D600894414 /* MyLessonVC.m */; };
		D0407EAB197A56EE00894414 /* LessonMarketVC.m in Sources */ = {isa = PBXBuildFile; fileRef = D0407EAA197A56EE00894414 /* LessonMarketVC.m */; };
		D0407EAE197A571400894414 /* TeacherVC.m in Sources */ = {isa = PBXBuildFile; fileRef = D0407EAD197A571400894414 /* TeacherVC.m */; };
		D0407EB1197A6E6A00894414 /* SettingsVC.m in Sources */ = {isa = PBXBuildFile; fileRef = D0407EB0197A6E6A00894414 /* SettingsVC.m */; };
		D061324A197A72DE00052FDC /* addressList.png in Resources */ = {isa = PBXBuildFile; fileRef = D0613240197A72DE00052FDC /* addressList.png */; };
		D061324B197A72DE00052FDC /* cards.png in Resources */ = {isa = PBXBuildFile; fileRef = D0613241197A72DE00052FDC /* cards.png */; };
		D061324C197A72DE00052FDC /* charger.png in Resources */ = {isa = PBXBuildFile; fileRef = D0613242197A72DE00052FDC /* charger.png */; };
		D061324D197A72DE00052FDC /* defaultUser.png in Resources */ = {isa = PBXBuildFile; fileRef = D0613243197A72DE00052FDC /* defaultUser.png */; };
		D061324E197A72DE00052FDC /* myClass.png in Resources */ = {isa = PBXBuildFile; fileRef = D0613244197A72DE00052FDC /* myClass.png */; };
		D061324F197A72DE00052FDC /* myNotice.png in Resources */ = {isa = PBXBuildFile; fileRef = D0613245197A72DE00052FDC /* myNotice.png */; };
		D0613250197A72DE00052FDC /* settings_settings.png in Resources */ = {isa = PBXBuildFile; fileRef = D0613246197A72DE00052FDC /* settings_settings.png */; };
		D0613251197A72DE00052FDC /* shopCart.png in Resources */ = {isa = PBXBuildFile; fileRef = D0613247197A72DE00052FDC /* shopCart.png */; };
		D0613252197A72DE00052FDC /* tradeList.png in Resources */ = {isa = PBXBuildFile; fileRef = D0613248197A72DE00052FDC /* tradeList.png */; };
		D0613253197A72DE00052FDC /* userInfo.png in Resources */ = {isa = PBXBuildFile; fileRef = D0613249197A72DE00052FDC /* userInfo.png */; };
		D06BCACF198C8AF20047ACC3 /* MyLessonCustomCell.m in Sources */ = {isa = PBXBuildFile; fileRef = D06BCACE198C8AF20047ACC3 /* MyLessonCustomCell.m */; };
		D06BCAD2198C8B070047ACC3 /* SchoolLessonCustomCell.m in Sources */ = {isa = PBXBuildFile; fileRef = D06BCAD1198C8B070047ACC3 /* SchoolLessonCustomCell.m */; };
		D0C076AE19893518004CB68D /* NSString+MD5.m in Sources */ = {isa = PBXBuildFile; fileRef = D0C076AD19893518004CB68D /* NSString+MD5.m */; };
		D0C7043619885D9B00EB4426 /* LoginBaseVC.m in Sources */ = {isa = PBXBuildFile; fileRef = D0C7043519885D9B00EB4426 /* LoginBaseVC.m */; };
		D0C70447198F3A0000A234D7 /* RootVC.m in Sources */ = {isa = PBXBuildFile; fileRef = D0C70446198F3A0000A234D7 /* RootVC.m */; };
		D0C7044A198F594F00A234D7 /* math.png in Resources */ = {isa = PBXBuildFile; fileRef = D0C70449198F594F00A234D7 /* math.png */; };
		D0C7044D198F7AF700A234D7 /* HomeWorkTopView.m in Sources */ = {isa = PBXBuildFile; fileRef = D0C7044C198F7AF700A234D7 /* HomeWorkTopView.m */; };
		D0C7044F198F7F4900A234D7 /* teacherHead.png in Resources */ = {isa = PBXBuildFile; fileRef = D0C7044E198F7F4900A234D7 /* teacherHead.png */; };
		D0CA9ED519908C9C001A9555 /* SchoolMsgCell.m in Sources */ = {isa = PBXBuildFile; fileRef = D0CA9ED419908C9C001A9555 /* SchoolMsgCell.m */; };
		D0CA9ED8199095B3001A9555 /* SearchResultCell.m in Sources */ = {isa = PBXBuildFile; fileRef = D0CA9ED7199095B3001A9555 /* SearchResultCell.m */; };
		D0CA9EDC1990CA90001A9555 /* PersonSettingBaseVC.m in Sources */ = {isa = PBXBuildFile; fileRef = D0CA9EDB1990CA90001A9555 /* PersonSettingBaseVC.m */; };
		D0CA9EDF1990CB85001A9555 /* ChangeNickNameVC.m in Sources */ = {isa = PBXBuildFile; fileRef = D0CA9EDE1990CB85001A9555 /* ChangeNickNameVC.m */; };
		D0CA9EE21990CBA0001A9555 /* ChangePasswordVC.m in Sources */ = {isa = PBXBuildFile; fileRef = D0CA9EE11990CBA0001A9555 /* ChangePasswordVC.m */; };
		D0CA9EE51990ED21001A9555 /* MemberListCell.m in Sources */ = {isa = PBXBuildFile; fileRef = D0CA9EE41990ED21001A9555 /* MemberListCell.m */; };
		D0CC0AEE1987D2CD002595F8 /* FulFillInfoVC.m in Sources */ = {isa = PBXBuildFile; fileRef = D0CC0AED1987D2CD002595F8 /* FulFillInfoVC.m */; };
		D0CC0AF91987D474002595F8 /* WBCheckBox.m in Sources */ = {isa = PBXBuildFile; fileRef = D0CC0AF51987D474002595F8 /* WBCheckBox.m */; };
		D0CC0AFA1987D474002595F8 /* WBCombList.m in Sources */ = {isa = PBXBuildFile; fileRef = D0CC0AF81987D474002595F8 /* WBCombList.m */; };
		D0CC0AFE1987F37D002595F8 /* GlobalDataManager.m in Sources */ = {isa = PBXBuildFile; fileRef = D0CC0AFD1987F37D002595F8 /* GlobalDataManager.m */; };
		D0CE13AF198A0609002FA3A3 /* WBSegment.m in Sources */ = {isa = PBXBuildFile; fileRef = D0CE13AE198A0609002FA3A3 /* WBSegment.m */; };
		D0CE14AB1981EC5F00ED77E0 /* MyClassVC.m in Sources */ = {isa = PBXBuildFile; fileRef = D0CE14AA1981EC5F00ED77E0 /* MyClassVC.m */; };
		D0CE14AE1982239D00ED77E0 /* MessageVC.m in Sources */ = {isa = PBXBuildFile; fileRef = D0CE14AD1982239D00ED77E0 /* MessageVC.m */; };
		D0CFF19D1988BB8800A6ABF2 /* WBCombListHeader.m in Sources */ = {isa = PBXBuildFile; fileRef = D0CFF19C1988BB8800A6ABF2 /* WBCombListHeader.m */; };
		D0CFF1A11989035A00A6ABF2 /* detailDown.png in Resources */ = {isa = PBXBuildFile; fileRef = D0CFF1A01989035A00A6ABF2 /* detailDown.png */; };
		D0DBEBB019906DF600B01FCB /* ClassMsgCell.m in Sources */ = {isa = PBXBuildFile; fileRef = D0DBEBAF19906DF600B01FCB /* ClassMsgCell.m */; };
		D0E1CD7E197EB10800733568 /* SearchViewController.m in Sources */ = {isa = PBXBuildFile; fileRef = D0E1CD7D197EB10800733568 /* SearchViewController.m */; };
		D0E1CD87197EBBFB00733568 /* BaseVC.m in Sources */ = {isa = PBXBuildFile; fileRef = D0E1CD85197EBBFB00733568 /* BaseVC.m */; };
		D0E1CD88197EBBFB00733568 /* BaseVC.xib in Resources */ = {isa = PBXBuildFile; fileRef = D0E1CD86197EBBFB00733568 /* BaseVC.xib */; };
		D0E255CD197F60A300F45365 /* loginBack.png in Resources */ = {isa = PBXBuildFile; fileRef = D0E255C6197F60A300F45365 /* loginBack.png */; };
		D0E255CE197F60A300F45365 /* passwordIcon.png in Resources */ = {isa = PBXBuildFile; fileRef = D0E255C7197F60A300F45365 /* passwordIcon.png */; };
		D0E255CF197F60A300F45365 /* register.png in Resources */ = {isa = PBXBuildFile; fileRef = D0E255C8197F60A300F45365 /* register.png */; };
		D0E255D0197F60A300F45365 /* registerEnd.png in Resources */ = {isa = PBXBuildFile; fileRef = D0E255C9197F60A300F45365 /* registerEnd.png */; };
		D0E255D1197F60A300F45365 /* registerNext.png in Resources */ = {isa = PBXBuildFile; fileRef = D0E255CA197F60A300F45365 /* registerNext.png */; };
		D0E255D2197F60A300F45365 /* textBack.png in Resources */ = {isa = PBXBuildFile; fileRef = D0E255CB197F60A300F45365 /* textBack.png */; };
		D0E255D3197F60A300F45365 /* userNameIcon.png in Resources */ = {isa = PBXBuildFile; fileRef = D0E255CC197F60A300F45365 /* userNameIcon.png */; };
		D0E255D7197F6AD000F45365 /* LoginVC.m in Sources */ = {isa = PBXBuildFile; fileRef = D0E255D6197F6AD000F45365 /* LoginVC.m */; };
		D0E255DA197F831500F45365 /* RegisterVC.m in Sources */ = {isa = PBXBuildFile; fileRef = D0E255D9197F831500F45365 /* RegisterVC.m */; };
		D0E255DD197F832900F45365 /* FindPasswordVC.m in Sources */ = {isa = PBXBuildFile; fileRef = D0E255DC197F832900F45365 /* FindPasswordVC.m */; };
		D0E34178198B1CE7009DEBF1 /* WBHTTPRequest.m in Sources */ = {isa = PBXBuildFile; fileRef = D0E34177198B1CE7009DEBF1 /* WBHTTPRequest.m */; };
		D0EA9F2D19910F89002DCBB0 /* member.png in Resources */ = {isa = PBXBuildFile; fileRef = D0EA9F2C19910F89002DCBB0 /* member.png */; };
		D0EA9F321991142F002DCBB0 /* AddressListVC.m in Sources */ = {isa = PBXBuildFile; fileRef = D0EA9F311991142F002DCBB0 /* AddressListVC.m */; };
		D0EA9F36199114D6002DCBB0 /* MapVC.m in Sources */ = {isa = PBXBuildFile; fileRef = D0EA9F35199114D6002DCBB0 /* MapVC.m */; };
		D0EA9F3819911A2F002DCBB0 /* MapKit.framework in Frameworks */ = {isa = PBXBuildFile; fileRef = D0EA9F3719911A2F002DCBB0 /* MapKit.framework */; };
		D0EA9F3A19911A37002DCBB0 /* CoreLocation.framework in Frameworks */ = {isa = PBXBuildFile; fileRef = D0EA9F3919911A37002DCBB0 /* CoreLocation.framework */; };
		D0EA9F3D19911E83002DCBB0 /* ParentMonitorVC.m in Sources */ = {isa = PBXBuildFile; fileRef = D0EA9F3C19911E83002DCBB0 /* ParentMonitorVC.m */; };
		D0EA9F401991235A002DCBB0 /* AddressListItemCell.m in Sources */ = {isa = PBXBuildFile; fileRef = D0EA9F3F1991235A002DCBB0 /* AddressListItemCell.m */; };
		D0EA9F4419913493002DCBB0 /* FollowSubjectContainer.m in Sources */ = {isa = PBXBuildFile; fileRef = D0EA9F4319913493002DCBB0 /* FollowSubjectContainer.m */; };
		D0EA9F47199134B7002DCBB0 /* FollowVC.m in Sources */ = {isa = PBXBuildFile; fileRef = D0EA9F46199134B7002DCBB0 /* FollowVC.m */; };
/* End PBXBuildFile section */

/* Begin PBXContainerItemProxy section */
		D0407E57197A1B1200894414 /* PBXContainerItemProxy */ = {
			isa = PBXContainerItemProxy;
			containerPortal = D0407E29197A1B1200894414 /* Project object */;
			proxyType = 1;
			remoteGlobalIDString = D0407E30197A1B1200894414;
			remoteInfo = JXT;
		};
/* End PBXContainerItemProxy section */

/* Begin PBXFileReference section */
		C003179F197F8F3F0072551F /* PersonalVC.h */ = {isa = PBXFileReference; fileEncoding = 4; lastKnownFileType = sourcecode.c.h; path = PersonalVC.h; sourceTree = "<group>"; };
		C00317A0197F8F3F0072551F /* PersonalVC.m */ = {isa = PBXFileReference; fileEncoding = 4; lastKnownFileType = sourcecode.c.objc; path = PersonalVC.m; sourceTree = "<group>"; };
		D0407E31197A1B1200894414 /* JXT.app */ = {isa = PBXFileReference; explicitFileType = wrapper.application; includeInIndex = 0; path = JXT.app; sourceTree = BUILT_PRODUCTS_DIR; };
		D0407E34197A1B1200894414 /* Foundation.framework */ = {isa = PBXFileReference; lastKnownFileType = wrapper.framework; name = Foundation.framework; path = System/Library/Frameworks/Foundation.framework; sourceTree = SDKROOT; };
		D0407E36197A1B1200894414 /* CoreGraphics.framework */ = {isa = PBXFileReference; lastKnownFileType = wrapper.framework; name = CoreGraphics.framework; path = System/Library/Frameworks/CoreGraphics.framework; sourceTree = SDKROOT; };
		D0407E38197A1B1200894414 /* UIKit.framework */ = {isa = PBXFileReference; lastKnownFileType = wrapper.framework; name = UIKit.framework; path = System/Library/Frameworks/UIKit.framework; sourceTree = SDKROOT; };
		D0407E3C197A1B1200894414 /* JXT-Info.plist */ = {isa = PBXFileReference; lastKnownFileType = text.plist.xml; path = "JXT-Info.plist"; sourceTree = "<group>"; };
		D0407E3E197A1B1200894414 /* en */ = {isa = PBXFileReference; lastKnownFileType = text.plist.strings; name = en; path = en.lproj/InfoPlist.strings; sourceTree = "<group>"; };
		D0407E40197A1B1200894414 /* main.m */ = {isa = PBXFileReference; lastKnownFileType = sourcecode.c.objc; path = main.m; sourceTree = "<group>"; };
		D0407E42197A1B1200894414 /* JXT-Prefix.pch */ = {isa = PBXFileReference; lastKnownFileType = sourcecode.c.h; path = "JXT-Prefix.pch"; sourceTree = "<group>"; };
		D0407E43197A1B1200894414 /* AppDelegate.h */ = {isa = PBXFileReference; lastKnownFileType = sourcecode.c.h; path = AppDelegate.h; sourceTree = "<group>"; };
		D0407E44197A1B1200894414 /* AppDelegate.m */ = {isa = PBXFileReference; lastKnownFileType = sourcecode.c.objc; path = AppDelegate.m; sourceTree = "<group>"; };
		D0407E47197A1B1200894414 /* Base */ = {isa = PBXFileReference; lastKnownFileType = file.storyboard; name = Base; path = Base.lproj/Main.storyboard; sourceTree = "<group>"; };
		D0407E4C197A1B1200894414 /* Images.xcassets */ = {isa = PBXFileReference; lastKnownFileType = folder.assetcatalog; path = Images.xcassets; sourceTree = "<group>"; };
		D0407E52197A1B1200894414 /* JXTTests.xctest */ = {isa = PBXFileReference; explicitFileType = wrapper.cfbundle; includeInIndex = 0; path = JXTTests.xctest; sourceTree = BUILT_PRODUCTS_DIR; };
		D0407E53197A1B1200894414 /* XCTest.framework */ = {isa = PBXFileReference; lastKnownFileType = wrapper.framework; name = XCTest.framework; path = Library/Frameworks/XCTest.framework; sourceTree = DEVELOPER_DIR; };
		D0407E5B197A1B1200894414 /* JXTTests-Info.plist */ = {isa = PBXFileReference; lastKnownFileType = text.plist.xml; path = "JXTTests-Info.plist"; sourceTree = "<group>"; };
		D0407E5D197A1B1200894414 /* en */ = {isa = PBXFileReference; lastKnownFileType = text.plist.strings; name = en; path = en.lproj/InfoPlist.strings; sourceTree = "<group>"; };
		D0407E5F197A1B1200894414 /* JXTTests.m */ = {isa = PBXFileReference; lastKnownFileType = sourcecode.c.objc; path = JXTTests.m; sourceTree = "<group>"; };
		D0407E79197A257E00894414 /* 设置2.png */ = {isa = PBXFileReference; lastKnownFileType = image.png; path = "设置2.png"; sourceTree = "<group>"; };
		D0407E7B197A25A600894414 /* 消息2.png */ = {isa = PBXFileReference; lastKnownFileType = image.png; path = "消息2.png"; sourceTree = "<group>"; };
		D0407E7D197A26BD00894414 /* 搜索1.png */ = {isa = PBXFileReference; lastKnownFileType = image.png; path = "搜索1.png"; sourceTree = "<group>"; };
		D0407E7E197A26BD00894414 /* 搜索2.png */ = {isa = PBXFileReference; lastKnownFileType = image.png; path = "搜索2.png"; sourceTree = "<group>"; };
		D0407E7F197A26BD00894414 /* 消息1.png */ = {isa = PBXFileReference; lastKnownFileType = image.png; path = "消息1.png"; sourceTree = "<group>"; };
		D0407E80197A26BD00894414 /* 设置1.png */ = {isa = PBXFileReference; lastKnownFileType = image.png; path = "设置1.png"; sourceTree = "<group>"; };
		D0407E81197A26BD00894414 /* 首页2.png */ = {isa = PBXFileReference; lastKnownFileType = image.png; path = "首页2.png"; sourceTree = "<group>"; };
		D0407E82197A26BD00894414 /* 首页1.png */ = {isa = PBXFileReference; lastKnownFileType = image.png; path = "首页1.png"; sourceTree = "<group>"; };
		D0407E89197A394900894414 /* RootTabBarController.h */ = {isa = PBXFileReference; fileEncoding = 4; lastKnownFileType = sourcecode.c.h; path = RootTabBarController.h; sourceTree = "<group>"; };
		D0407E8A197A394900894414 /* RootTabBarController.m */ = {isa = PBXFileReference; fileEncoding = 4; lastKnownFileType = sourcecode.c.objc; path = RootTabBarController.m; sourceTree = "<group>"; };
		D0407E8C197A482E00894414 /* BaseNavigationController.h */ = {isa = PBXFileReference; fileEncoding = 4; lastKnownFileType = sourcecode.c.h; path = BaseNavigationController.h; sourceTree = "<group>"; };
		D0407E8D197A482E00894414 /* BaseNavigationController.m */ = {isa = PBXFileReference; fileEncoding = 4; lastKnownFileType = sourcecode.c.objc; path = BaseNavigationController.m; sourceTree = "<group>"; };
		D0407E8F197A4C2200894414 /* logo.png */ = {isa = PBXFileReference; lastKnownFileType = image.png; path = logo.png; sourceTree = "<group>"; };
		D0407E91197A4C8800894414 /* detail.png */ = {isa = PBXFileReference; lastKnownFileType = image.png; path = detail.png; sourceTree = "<group>"; };
		D0407E92197A4C8800894414 /* menu.png */ = {isa = PBXFileReference; lastKnownFileType = image.png; path = menu.png; sourceTree = "<group>"; };
		D0407E95197A4CA100894414 /* 名师荟萃.png */ = {isa = PBXFileReference; lastKnownFileType = image.png; path = "名师荟萃.png"; sourceTree = "<group>"; };
		D0407E96197A4CA100894414 /* 微课超市.png */ = {isa = PBXFileReference; lastKnownFileType = image.png; path = "微课超市.png"; sourceTree = "<group>"; };
		D0407E97197A4CA100894414 /* 我的课程.png */ = {isa = PBXFileReference; lastKnownFileType = image.png; path = "我的课程.png"; sourceTree = "<group>"; };
		D0407E98197A4CA100894414 /* 模块背景.png */ = {isa = PBXFileReference; lastKnownFileType = image.png; path = "模块背景.png"; sourceTree = "<group>"; };
		D0407E9D197A4D2D00894414 /* banner.png */ = {isa = PBXFileReference; lastKnownFileType = image.png; path = banner.png; sourceTree = "<group>"; };
		D0407EA0197A562600894414 /* HomeVC.h */ = {isa = PBXFileReference; fileEncoding = 4; lastKnownFileType = sourcecode.c.h; path = HomeVC.h; sourceTree = "<group>"; };
		D0407EA1197A562600894414 /* HomeVC.m */ = {isa = PBXFileReference; fileEncoding = 4; lastKnownFileType = sourcecode.c.objc; path = HomeVC.m; sourceTree = "<group>"; };
		D0407EA6197A56D600894414 /* MyLessonVC.h */ = {isa = PBXFileReference; fileEncoding = 4; lastKnownFileType = sourcecode.c.h; path = MyLessonVC.h; sourceTree = "<group>"; };
		D0407EA7197A56D600894414 /* MyLessonVC.m */ = {isa = PBXFileReference; fileEncoding = 4; lastKnownFileType = sourcecode.c.objc; path = MyLessonVC.m; sourceTree = "<group>"; };
		D0407EA9197A56EE00894414 /* LessonMarketVC.h */ = {isa = PBXFileReference; fileEncoding = 4; lastKnownFileType = sourcecode.c.h; path = LessonMarketVC.h; sourceTree = "<group>"; };
		D0407EAA197A56EE00894414 /* LessonMarketVC.m */ = {isa = PBXFileReference; fileEncoding = 4; lastKnownFileType = sourcecode.c.objc; path = LessonMarketVC.m; sourceTree = "<group>"; };
		D0407EAC197A571400894414 /* TeacherVC.h */ = {isa = PBXFileReference; fileEncoding = 4; lastKnownFileType = sourcecode.c.h; path = TeacherVC.h; sourceTree = "<group>"; };
		D0407EAD197A571400894414 /* TeacherVC.m */ = {isa = PBXFileReference; fileEncoding = 4; lastKnownFileType = sourcecode.c.objc; path = TeacherVC.m; sourceTree = "<group>"; };
		D0407EAF197A6E6A00894414 /* SettingsVC.h */ = {isa = PBXFileReference; fileEncoding = 4; lastKnownFileType = sourcecode.c.h; path = SettingsVC.h; sourceTree = "<group>"; };
		D0407EB0197A6E6A00894414 /* SettingsVC.m */ = {isa = PBXFileReference; fileEncoding = 4; lastKnownFileType = sourcecode.c.objc; path = SettingsVC.m; sourceTree = "<group>"; };
		D0613240197A72DE00052FDC /* addressList.png */ = {isa = PBXFileReference; lastKnownFileType = image.png; path = addressList.png; sourceTree = "<group>"; };
		D0613241197A72DE00052FDC /* cards.png */ = {isa = PBXFileReference; lastKnownFileType = image.png; path = cards.png; sourceTree = "<group>"; };
		D0613242197A72DE00052FDC /* charger.png */ = {isa = PBXFileReference; lastKnownFileType = image.png; path = charger.png; sourceTree = "<group>"; };
		D0613243197A72DE00052FDC /* defaultUser.png */ = {isa = PBXFileReference; lastKnownFileType = image.png; path = defaultUser.png; sourceTree = "<group>"; };
		D0613244197A72DE00052FDC /* myClass.png */ = {isa = PBXFileReference; lastKnownFileType = image.png; path = myClass.png; sourceTree = "<group>"; };
		D0613245197A72DE00052FDC /* myNotice.png */ = {isa = PBXFileReference; lastKnownFileType = image.png; path = myNotice.png; sourceTree = "<group>"; };
		D0613246197A72DE00052FDC /* settings_settings.png */ = {isa = PBXFileReference; lastKnownFileType = image.png; path = settings_settings.png; sourceTree = "<group>"; };
		D0613247197A72DE00052FDC /* shopCart.png */ = {isa = PBXFileReference; lastKnownFileType = image.png; path = shopCart.png; sourceTree = "<group>"; };
		D0613248197A72DE00052FDC /* tradeList.png */ = {isa = PBXFileReference; lastKnownFileType = image.png; path = tradeList.png; sourceTree = "<group>"; };
		D0613249197A72DE00052FDC /* userInfo.png */ = {isa = PBXFileReference; lastKnownFileType = image.png; path = userInfo.png; sourceTree = "<group>"; };
		D06BCACD198C8AF20047ACC3 /* MyLessonCustomCell.h */ = {isa = PBXFileReference; fileEncoding = 4; lastKnownFileType = sourcecode.c.h; path = MyLessonCustomCell.h; sourceTree = "<group>"; };
		D06BCACE198C8AF20047ACC3 /* MyLessonCustomCell.m */ = {isa = PBXFileReference; fileEncoding = 4; lastKnownFileType = sourcecode.c.objc; path = MyLessonCustomCell.m; sourceTree = "<group>"; };
		D06BCAD0198C8B070047ACC3 /* SchoolLessonCustomCell.h */ = {isa = PBXFileReference; fileEncoding = 4; lastKnownFileType = sourcecode.c.h; path = SchoolLessonCustomCell.h; sourceTree = "<group>"; };
		D06BCAD1198C8B070047ACC3 /* SchoolLessonCustomCell.m */ = {isa = PBXFileReference; fileEncoding = 4; lastKnownFileType = sourcecode.c.objc; path = SchoolLessonCustomCell.m; sourceTree = "<group>"; };
		D0C076AC19893518004CB68D /* NSString+MD5.h */ = {isa = PBXFileReference; fileEncoding = 4; lastKnownFileType = sourcecode.c.h; path = "NSString+MD5.h"; sourceTree = "<group>"; };
		D0C076AD19893518004CB68D /* NSString+MD5.m */ = {isa = PBXFileReference; fileEncoding = 4; lastKnownFileType = sourcecode.c.objc; path = "NSString+MD5.m"; sourceTree = "<group>"; };
		D0C7043419885D9B00EB4426 /* LoginBaseVC.h */ = {isa = PBXFileReference; fileEncoding = 4; lastKnownFileType = sourcecode.c.h; path = LoginBaseVC.h; sourceTree = "<group>"; };
		D0C7043519885D9B00EB4426 /* LoginBaseVC.m */ = {isa = PBXFileReference; fileEncoding = 4; lastKnownFileType = sourcecode.c.objc; path = LoginBaseVC.m; sourceTree = "<group>"; };
		D0C70445198F3A0000A234D7 /* RootVC.h */ = {isa = PBXFileReference; fileEncoding = 4; lastKnownFileType = sourcecode.c.h; path = RootVC.h; sourceTree = "<group>"; };
		D0C70446198F3A0000A234D7 /* RootVC.m */ = {isa = PBXFileReference; fileEncoding = 4; lastKnownFileType = sourcecode.c.objc; path = RootVC.m; sourceTree = "<group>"; };
		D0C70449198F594F00A234D7 /* math.png */ = {isa = PBXFileReference; lastKnownFileType = image.png; path = math.png; sourceTree = "<group>"; };
		D0C7044B198F7AF700A234D7 /* HomeWorkTopView.h */ = {isa = PBXFileReference; fileEncoding = 4; lastKnownFileType = sourcecode.c.h; path = HomeWorkTopView.h; sourceTree = "<group>"; };
		D0C7044C198F7AF700A234D7 /* HomeWorkTopView.m */ = {isa = PBXFileReference; fileEncoding = 4; lastKnownFileType = sourcecode.c.objc; path = HomeWorkTopView.m; sourceTree = "<group>"; };
		D0C7044E198F7F4900A234D7 /* teacherHead.png */ = {isa = PBXFileReference; lastKnownFileType = image.png; path = teacherHead.png; sourceTree = "<group>"; };
		D0CA9ED319908C9C001A9555 /* SchoolMsgCell.h */ = {isa = PBXFileReference; fileEncoding = 4; lastKnownFileType = sourcecode.c.h; path = SchoolMsgCell.h; sourceTree = "<group>"; };
		D0CA9ED419908C9C001A9555 /* SchoolMsgCell.m */ = {isa = PBXFileReference; fileEncoding = 4; lastKnownFileType = sourcecode.c.objc; path = SchoolMsgCell.m; sourceTree = "<group>"; };
		D0CA9ED6199095B3001A9555 /* SearchResultCell.h */ = {isa = PBXFileReference; fileEncoding = 4; lastKnownFileType = sourcecode.c.h; path = SearchResultCell.h; sourceTree = "<group>"; };
		D0CA9ED7199095B3001A9555 /* SearchResultCell.m */ = {isa = PBXFileReference; fileEncoding = 4; lastKnownFileType = sourcecode.c.objc; path = SearchResultCell.m; sourceTree = "<group>"; };
		D0CA9EDA1990CA90001A9555 /* PersonSettingBaseVC.h */ = {isa = PBXFileReference; fileEncoding = 4; lastKnownFileType = sourcecode.c.h; path = PersonSettingBaseVC.h; sourceTree = "<group>"; };
		D0CA9EDB1990CA90001A9555 /* PersonSettingBaseVC.m */ = {isa = PBXFileReference; fileEncoding = 4; lastKnownFileType = sourcecode.c.objc; path = PersonSettingBaseVC.m; sourceTree = "<group>"; };
		D0CA9EDD1990CB85001A9555 /* ChangeNickNameVC.h */ = {isa = PBXFileReference; fileEncoding = 4; lastKnownFileType = sourcecode.c.h; path = ChangeNickNameVC.h; sourceTree = "<group>"; };
		D0CA9EDE1990CB85001A9555 /* ChangeNickNameVC.m */ = {isa = PBXFileReference; fileEncoding = 4; lastKnownFileType = sourcecode.c.objc; path = ChangeNickNameVC.m; sourceTree = "<group>"; };
		D0CA9EE01990CBA0001A9555 /* ChangePasswordVC.h */ = {isa = PBXFileReference; fileEncoding = 4; lastKnownFileType = sourcecode.c.h; path = ChangePasswordVC.h; sourceTree = "<group>"; };
		D0CA9EE11990CBA0001A9555 /* ChangePasswordVC.m */ = {isa = PBXFileReference; fileEncoding = 4; lastKnownFileType = sourcecode.c.objc; path = ChangePasswordVC.m; sourceTree = "<group>"; };
		D0CA9EE31990ED21001A9555 /* MemberListCell.h */ = {isa = PBXFileReference; fileEncoding = 4; lastKnownFileType = sourcecode.c.h; path = MemberListCell.h; sourceTree = "<group>"; };
		D0CA9EE41990ED21001A9555 /* MemberListCell.m */ = {isa = PBXFileReference; fileEncoding = 4; lastKnownFileType = sourcecode.c.objc; path = MemberListCell.m; sourceTree = "<group>"; };
		D0CC0AEC1987D2CD002595F8 /* FulFillInfoVC.h */ = {isa = PBXFileReference; fileEncoding = 4; lastKnownFileType = sourcecode.c.h; path = FulFillInfoVC.h; sourceTree = "<group>"; };
		D0CC0AED1987D2CD002595F8 /* FulFillInfoVC.m */ = {isa = PBXFileReference; fileEncoding = 4; lastKnownFileType = sourcecode.c.objc; path = FulFillInfoVC.m; sourceTree = "<group>"; };
		D0CC0AF41987D474002595F8 /* WBCheckBox.h */ = {isa = PBXFileReference; fileEncoding = 4; lastKnownFileType = sourcecode.c.h; path = WBCheckBox.h; sourceTree = "<group>"; };
		D0CC0AF51987D474002595F8 /* WBCheckBox.m */ = {isa = PBXFileReference; fileEncoding = 4; lastKnownFileType = sourcecode.c.objc; path = WBCheckBox.m; sourceTree = "<group>"; };
		D0CC0AF71987D474002595F8 /* WBCombList.h */ = {isa = PBXFileReference; fileEncoding = 4; lastKnownFileType = sourcecode.c.h; path = WBCombList.h; sourceTree = "<group>"; };
		D0CC0AF81987D474002595F8 /* WBCombList.m */ = {isa = PBXFileReference; fileEncoding = 4; lastKnownFileType = sourcecode.c.objc; path = WBCombList.m; sourceTree = "<group>"; };
		D0CC0AFB1987E312002595F8 /* APPConfig.h */ = {isa = PBXFileReference; lastKnownFileType = sourcecode.c.h; path = APPConfig.h; sourceTree = "<group>"; };
		D0CC0AFC1987F37D002595F8 /* GlobalDataManager.h */ = {isa = PBXFileReference; fileEncoding = 4; lastKnownFileType = sourcecode.c.h; path = GlobalDataManager.h; sourceTree = "<group>"; };
		D0CC0AFD1987F37D002595F8 /* GlobalDataManager.m */ = {isa = PBXFileReference; fileEncoding = 4; lastKnownFileType = sourcecode.c.objc; path = GlobalDataManager.m; sourceTree = "<group>"; };
		D0CE13AD198A0609002FA3A3 /* WBSegment.h */ = {isa = PBXFileReference; fileEncoding = 4; lastKnownFileType = sourcecode.c.h; path = WBSegment.h; sourceTree = "<group>"; };
		D0CE13AE198A0609002FA3A3 /* WBSegment.m */ = {isa = PBXFileReference; fileEncoding = 4; lastKnownFileType = sourcecode.c.objc; path = WBSegment.m; sourceTree = "<group>"; };
		D0CE14A91981EC5F00ED77E0 /* MyClassVC.h */ = {isa = PBXFileReference; fileEncoding = 4; lastKnownFileType = sourcecode.c.h; path = MyClassVC.h; sourceTree = "<group>"; };
		D0CE14AA1981EC5F00ED77E0 /* MyClassVC.m */ = {isa = PBXFileReference; fileEncoding = 4; lastKnownFileType = sourcecode.c.objc; path = MyClassVC.m; sourceTree = "<group>"; };
		D0CE14AC1982239D00ED77E0 /* MessageVC.h */ = {isa = PBXFileReference; fileEncoding = 4; lastKnownFileType = sourcecode.c.h; path = MessageVC.h; sourceTree = "<group>"; };
		D0CE14AD1982239D00ED77E0 /* MessageVC.m */ = {isa = PBXFileReference; fileEncoding = 4; lastKnownFileType = sourcecode.c.objc; path = MessageVC.m; sourceTree = "<group>"; };
		D0CFF19B1988BB8800A6ABF2 /* WBCombListHeader.h */ = {isa = PBXFileReference; fileEncoding = 4; lastKnownFileType = sourcecode.c.h; path = WBCombListHeader.h; sourceTree = "<group>"; };
		D0CFF19C1988BB8800A6ABF2 /* WBCombListHeader.m */ = {isa = PBXFileReference; fileEncoding = 4; lastKnownFileType = sourcecode.c.objc; path = WBCombListHeader.m; sourceTree = "<group>"; };
		D0CFF1A01989035A00A6ABF2 /* detailDown.png */ = {isa = PBXFileReference; lastKnownFileType = image.png; path = detailDown.png; sourceTree = "<group>"; };
		D0DBEBAE19906DF600B01FCB /* ClassMsgCell.h */ = {isa = PBXFileReference; fileEncoding = 4; lastKnownFileType = sourcecode.c.h; path = ClassMsgCell.h; sourceTree = "<group>"; };
		D0DBEBAF19906DF600B01FCB /* ClassMsgCell.m */ = {isa = PBXFileReference; fileEncoding = 4; lastKnownFileType = sourcecode.c.objc; path = ClassMsgCell.m; sourceTree = "<group>"; };
		D0E1CD7C197EB10800733568 /* SearchViewController.h */ = {isa = PBXFileReference; fileEncoding = 4; lastKnownFileType = sourcecode.c.h; path = SearchViewController.h; sourceTree = "<group>"; };
		D0E1CD7D197EB10800733568 /* SearchViewController.m */ = {isa = PBXFileReference; fileEncoding = 4; lastKnownFileType = sourcecode.c.objc; path = SearchViewController.m; sourceTree = "<group>"; };
		D0E1CD84197EBBFB00733568 /* BaseVC.h */ = {isa = PBXFileReference; fileEncoding = 4; lastKnownFileType = sourcecode.c.h; path = BaseVC.h; sourceTree = "<group>"; };
		D0E1CD85197EBBFB00733568 /* BaseVC.m */ = {isa = PBXFileReference; fileEncoding = 4; lastKnownFileType = sourcecode.c.objc; path = BaseVC.m; sourceTree = "<group>"; };
		D0E1CD86197EBBFB00733568 /* BaseVC.xib */ = {isa = PBXFileReference; fileEncoding = 4; lastKnownFileType = file.xib; path = BaseVC.xib; sourceTree = "<group>"; };
		D0E255C6197F60A300F45365 /* loginBack.png */ = {isa = PBXFileReference; lastKnownFileType = image.png; path = loginBack.png; sourceTree = "<group>"; };
		D0E255C7197F60A300F45365 /* passwordIcon.png */ = {isa = PBXFileReference; lastKnownFileType = image.png; path = passwordIcon.png; sourceTree = "<group>"; };
		D0E255C8197F60A300F45365 /* register.png */ = {isa = PBXFileReference; lastKnownFileType = image.png; path = register.png; sourceTree = "<group>"; };
		D0E255C9197F60A300F45365 /* registerEnd.png */ = {isa = PBXFileReference; lastKnownFileType = image.png; path = registerEnd.png; sourceTree = "<group>"; };
		D0E255CA197F60A300F45365 /* registerNext.png */ = {isa = PBXFileReference; lastKnownFileType = image.png; path = registerNext.png; sourceTree = "<group>"; };
		D0E255CB197F60A300F45365 /* textBack.png */ = {isa = PBXFileReference; lastKnownFileType = image.png; path = textBack.png; sourceTree = "<group>"; };
		D0E255CC197F60A300F45365 /* userNameIcon.png */ = {isa = PBXFileReference; lastKnownFileType = image.png; path = userNameIcon.png; sourceTree = "<group>"; };
		D0E255D5197F6AD000F45365 /* LoginVC.h */ = {isa = PBXFileReference; fileEncoding = 4; lastKnownFileType = sourcecode.c.h; path = LoginVC.h; sourceTree = "<group>"; };
		D0E255D6197F6AD000F45365 /* LoginVC.m */ = {isa = PBXFileReference; fileEncoding = 4; lastKnownFileType = sourcecode.c.objc; path = LoginVC.m; sourceTree = "<group>"; };
		D0E255D8197F831500F45365 /* RegisterVC.h */ = {isa = PBXFileReference; fileEncoding = 4; lastKnownFileType = sourcecode.c.h; path = RegisterVC.h; sourceTree = "<group>"; };
		D0E255D9197F831500F45365 /* RegisterVC.m */ = {isa = PBXFileReference; fileEncoding = 4; lastKnownFileType = sourcecode.c.objc; path = RegisterVC.m; sourceTree = "<group>"; };
		D0E255DB197F832900F45365 /* FindPasswordVC.h */ = {isa = PBXFileReference; fileEncoding = 4; lastKnownFileType = sourcecode.c.h; path = FindPasswordVC.h; sourceTree = "<group>"; };
		D0E255DC197F832900F45365 /* FindPasswordVC.m */ = {isa = PBXFileReference; fileEncoding = 4; lastKnownFileType = sourcecode.c.objc; path = FindPasswordVC.m; sourceTree = "<group>"; };
		D0E34176198B1CE7009DEBF1 /* WBHTTPRequest.h */ = {isa = PBXFileReference; fileEncoding = 4; lastKnownFileType = sourcecode.c.h; path = WBHTTPRequest.h; sourceTree = "<group>"; };
		D0E34177198B1CE7009DEBF1 /* WBHTTPRequest.m */ = {isa = PBXFileReference; fileEncoding = 4; lastKnownFileType = sourcecode.c.objc; path = WBHTTPRequest.m; sourceTree = "<group>"; };
		D0EA9F2C19910F89002DCBB0 /* member.png */ = {isa = PBXFileReference; lastKnownFileType = image.png; path = member.png; sourceTree = "<group>"; };
		D0EA9F301991142F002DCBB0 /* AddressListVC.h */ = {isa = PBXFileReference; fileEncoding = 4; lastKnownFileType = sourcecode.c.h; path = AddressListVC.h; sourceTree = "<group>"; };
		D0EA9F311991142F002DCBB0 /* AddressListVC.m */ = {isa = PBXFileReference; fileEncoding = 4; lastKnownFileType = sourcecode.c.objc; path = AddressListVC.m; sourceTree = "<group>"; };
		D0EA9F34199114D6002DCBB0 /* MapVC.h */ = {isa = PBXFileReference; fileEncoding = 4; lastKnownFileType = sourcecode.c.h; path = MapVC.h; sourceTree = "<group>"; };
		D0EA9F35199114D6002DCBB0 /* MapVC.m */ = {isa = PBXFileReference; fileEncoding = 4; lastKnownFileType = sourcecode.c.objc; path = MapVC.m; sourceTree = "<group>"; };
		D0EA9F3719911A2F002DCBB0 /* MapKit.framework */ = {isa = PBXFileReference; lastKnownFileType = wrapper.framework; name = MapKit.framework; path = System/Library/Frameworks/MapKit.framework; sourceTree = SDKROOT; };
		D0EA9F3919911A37002DCBB0 /* CoreLocation.framework */ = {isa = PBXFileReference; lastKnownFileType = wrapper.framework; name = CoreLocation.framework; path = System/Library/Frameworks/CoreLocation.framework; sourceTree = SDKROOT; };
		D0EA9F3B19911E83002DCBB0 /* ParentMonitorVC.h */ = {isa = PBXFileReference; fileEncoding = 4; lastKnownFileType = sourcecode.c.h; path = ParentMonitorVC.h; sourceTree = "<group>"; };
		D0EA9F3C19911E83002DCBB0 /* ParentMonitorVC.m */ = {isa = PBXFileReference; fileEncoding = 4; lastKnownFileType = sourcecode.c.objc; path = ParentMonitorVC.m; sourceTree = "<group>"; };
		D0EA9F3E1991235A002DCBB0 /* AddressListItemCell.h */ = {isa = PBXFileReference; fileEncoding = 4; lastKnownFileType = sourcecode.c.h; path = AddressListItemCell.h; sourceTree = "<group>"; };
		D0EA9F3F1991235A002DCBB0 /* AddressListItemCell.m */ = {isa = PBXFileReference; fileEncoding = 4; lastKnownFileType = sourcecode.c.objc; path = AddressListItemCell.m; sourceTree = "<group>"; };
		D0EA9F4219913493002DCBB0 /* FollowSubjectContainer.h */ = {isa = PBXFileReference; fileEncoding = 4; lastKnownFileType = sourcecode.c.h; path = FollowSubjectContainer.h; sourceTree = "<group>"; };
		D0EA9F4319913493002DCBB0 /* FollowSubjectContainer.m */ = {isa = PBXFileReference; fileEncoding = 4; lastKnownFileType = sourcecode.c.objc; path = FollowSubjectContainer.m; sourceTree = "<group>"; };
		D0EA9F45199134B7002DCBB0 /* FollowVC.h */ = {isa = PBXFileReference; fileEncoding = 4; lastKnownFileType = sourcecode.c.h; path = FollowVC.h; sourceTree = "<group>"; };
		D0EA9F46199134B7002DCBB0 /* FollowVC.m */ = {isa = PBXFileReference; fileEncoding = 4; lastKnownFileType = sourcecode.c.objc; path = FollowVC.m; sourceTree = "<group>"; };
/* End PBXFileReference section */

/* Begin PBXFrameworksBuildPhase section */
		D0407E2E197A1B1200894414 /* Frameworks */ = {
			isa = PBXFrameworksBuildPhase;
			buildActionMask = 2147483647;
			files = (
				D0EA9F3A19911A37002DCBB0 /* CoreLocation.framework in Frameworks */,
				D0EA9F3819911A2F002DCBB0 /* MapKit.framework in Frameworks */,
				D0407E37197A1B1200894414 /* CoreGraphics.framework in Frameworks */,
				D0407E39197A1B1200894414 /* UIKit.framework in Frameworks */,
				D0407E35197A1B1200894414 /* Foundation.framework in Frameworks */,
			);
			runOnlyForDeploymentPostprocessing = 0;
		};
		D0407E4F197A1B1200894414 /* Frameworks */ = {
			isa = PBXFrameworksBuildPhase;
			buildActionMask = 2147483647;
			files = (
				D0407E54197A1B1200894414 /* XCTest.framework in Frameworks */,
				D0407E56197A1B1200894414 /* UIKit.framework in Frameworks */,
				D0407E55197A1B1200894414 /* Foundation.framework in Frameworks */,
			);
			runOnlyForDeploymentPostprocessing = 0;
		};
/* End PBXFrameworksBuildPhase section */

/* Begin PBXGroup section */
		D0407E28197A1B1200894414 = {
			isa = PBXGroup;
			children = (
				D0E255C1197F450B00F45365 /* Library */,
				D0407E69197A207700894414 /* Images */,
				D0407E3A197A1B1200894414 /* JXT */,
				D0407E59197A1B1200894414 /* JXTTests */,
				D0407E33197A1B1200894414 /* Frameworks */,
				D0407E32197A1B1200894414 /* Products */,
			);
			sourceTree = "<group>";
		};
		D0407E32197A1B1200894414 /* Products */ = {
			isa = PBXGroup;
			children = (
				D0407E31197A1B1200894414 /* JXT.app */,
				D0407E52197A1B1200894414 /* JXTTests.xctest */,
			);
			name = Products;
			sourceTree = "<group>";
		};
		D0407E33197A1B1200894414 /* Frameworks */ = {
			isa = PBXGroup;
			children = (
				D0EA9F3919911A37002DCBB0 /* CoreLocation.framework */,
				D0EA9F3719911A2F002DCBB0 /* MapKit.framework */,
				D0407E34197A1B1200894414 /* Foundation.framework */,
				D0407E36197A1B1200894414 /* CoreGraphics.framework */,
				D0407E38197A1B1200894414 /* UIKit.framework */,
				D0407E53197A1B1200894414 /* XCTest.framework */,
			);
			name = Frameworks;
			sourceTree = "<group>";
		};
		D0407E3A197A1B1200894414 /* JXT */ = {
			isa = PBXGroup;
			children = (
				D0C076AA198934E2004CB68D /* ClassExtensions */,
				D0CC0AFB1987E312002595F8 /* APPConfig.h */,
				D0407E43197A1B1200894414 /* AppDelegate.h */,
				D0407E44197A1B1200894414 /* AppDelegate.m */,
				D0407E46197A1B1200894414 /* Main.storyboard */,
				D0CC0AFC1987F37D002595F8 /* GlobalDataManager.h */,
				D0CC0AFD1987F37D002595F8 /* GlobalDataManager.m */,
				D0407E89197A394900894414 /* RootTabBarController.h */,
				D0407E8A197A394900894414 /* RootTabBarController.m */,
				D0407E8C197A482E00894414 /* BaseNavigationController.h */,
				D0407E8D197A482E00894414 /* BaseNavigationController.m */,
				D0C70445198F3A0000A234D7 /* RootVC.h */,
				D0C70446198F3A0000A234D7 /* RootVC.m */,
				D0E255D4197F6AB500F45365 /* Login */,
				D0407E9F197A55E600894414 /* Home */,
				D0407EA4197A565300894414 /* Message */,
				D0407EA3197A563600894414 /* Search */,
				D0407EA5197A565800894414 /* Settings */,
				D0407E4C197A1B1200894414 /* Images.xcassets */,
				D0407E3B197A1B1200894414 /* Supporting Files */,
			);
			path = JXT;
			sourceTree = "<group>";
		};
		D0407E3B197A1B1200894414 /* Supporting Files */ = {
			isa = PBXGroup;
			children = (
				D0407E3C197A1B1200894414 /* JXT-Info.plist */,
				D0407E3D197A1B1200894414 /* InfoPlist.strings */,
				D0407E40197A1B1200894414 /* main.m */,
				D0407E42197A1B1200894414 /* JXT-Prefix.pch */,
			);
			name = "Supporting Files";
			sourceTree = "<group>";
		};
		D0407E59197A1B1200894414 /* JXTTests */ = {
			isa = PBXGroup;
			children = (
				D0407E5F197A1B1200894414 /* JXTTests.m */,
				D0407E5A197A1B1200894414 /* Supporting Files */,
			);
			path = JXTTests;
			sourceTree = "<group>";
		};
		D0407E5A197A1B1200894414 /* Supporting Files */ = {
			isa = PBXGroup;
			children = (
				D0407E5B197A1B1200894414 /* JXTTests-Info.plist */,
				D0407E5C197A1B1200894414 /* InfoPlist.strings */,
			);
			name = "Supporting Files";
			sourceTree = "<group>";
		};
		D0407E69197A207700894414 /* Images */ = {
			isa = PBXGroup;
			children = (
				D0C70448198F594F00A234D7 /* tmp */,
				D0E255C5197F609800F45365 /* Login&Register */,
				D0407E6A197A20E800894414 /* Global */,
				D0407E6B197A20E800894414 /* Home */,
				D0407E6C197A20E800894414 /* Message */,
				D0407E6D197A20E800894414 /* Search */,
				D0407E6E197A20E800894414 /* Setting */,
			);
			path = Images;
			sourceTree = "<group>";
		};
		D0407E6A197A20E800894414 /* Global */ = {
			isa = PBXGroup;
			children = (
				D0407E91197A4C8800894414 /* detail.png */,
				D0CFF1A01989035A00A6ABF2 /* detailDown.png */,
				D0407E92197A4C8800894414 /* menu.png */,
				D0407E8F197A4C2200894414 /* logo.png */,
				D0407E7D197A26BD00894414 /* 搜索1.png */,
				D0407E7E197A26BD00894414 /* 搜索2.png */,
				D0407E7F197A26BD00894414 /* 消息1.png */,
				D0407E7B197A25A600894414 /* 消息2.png */,
				D0407E80197A26BD00894414 /* 设置1.png */,
				D0407E79197A257E00894414 /* 设置2.png */,
				D0407E81197A26BD00894414 /* 首页2.png */,
				D0407E82197A26BD00894414 /* 首页1.png */,
			);
			path = Global;
			sourceTree = "<group>";
		};
		D0407E6B197A20E800894414 /* Home */ = {
			isa = PBXGroup;
			children = (
				D0407E9D197A4D2D00894414 /* banner.png */,
				D0407E95197A4CA100894414 /* 名师荟萃.png */,
				D0407E96197A4CA100894414 /* 微课超市.png */,
				D0407E97197A4CA100894414 /* 我的课程.png */,
				D0407E98197A4CA100894414 /* 模块背景.png */,
			);
			path = Home;
			sourceTree = "<group>";
		};
		D0407E6C197A20E800894414 /* Message */ = {
			isa = PBXGroup;
			children = (
			);
			path = Message;
			sourceTree = "<group>";
		};
		D0407E6D197A20E800894414 /* Search */ = {
			isa = PBXGroup;
			children = (
			);
			path = Search;
			sourceTree = "<group>";
		};
		D0407E6E197A20E800894414 /* Setting */ = {
			isa = PBXGroup;
			children = (
				D0613240197A72DE00052FDC /* addressList.png */,
				D0613241197A72DE00052FDC /* cards.png */,
				D0613242197A72DE00052FDC /* charger.png */,
				D0613243197A72DE00052FDC /* defaultUser.png */,
				D0613244197A72DE00052FDC /* myClass.png */,
				D0613245197A72DE00052FDC /* myNotice.png */,
				D0613246197A72DE00052FDC /* settings_settings.png */,
				D0613247197A72DE00052FDC /* shopCart.png */,
				D0613248197A72DE00052FDC /* tradeList.png */,
				D0613249197A72DE00052FDC /* userInfo.png */,
			);
			path = Setting;
			sourceTree = "<group>";
		};
		D0407E9F197A55E600894414 /* Home */ = {
			isa = PBXGroup;
			children = (
				D0407EA0197A562600894414 /* HomeVC.h */,
				D0407EA1197A562600894414 /* HomeVC.m */,
				D0E1CD84197EBBFB00733568 /* BaseVC.h */,
				D0E1CD85197EBBFB00733568 /* BaseVC.m */,
				D0E1CD86197EBBFB00733568 /* BaseVC.xib */,
				D0407EA6197A56D600894414 /* MyLessonVC.h */,
				D0407EA7197A56D600894414 /* MyLessonVC.m */,
				D0C7044B198F7AF700A234D7 /* HomeWorkTopView.h */,
				D0C7044C198F7AF700A234D7 /* HomeWorkTopView.m */,
				D06BCACC198C8A9D0047ACC3 /* MyLessonCells */,
				D0407EA9197A56EE00894414 /* LessonMarketVC.h */,
				D0407EAA197A56EE00894414 /* LessonMarketVC.m */,
				D0407EAC197A571400894414 /* TeacherVC.h */,
				D0407EAD197A571400894414 /* TeacherVC.m */,
			);
			name = Home;
			sourceTree = "<group>";
		};
		D0407EA3197A563600894414 /* Search */ = {
			isa = PBXGroup;
			children = (
				D0E1CD7C197EB10800733568 /* SearchViewController.h */,
				D0E1CD7D197EB10800733568 /* SearchViewController.m */,
				D0CA9ED6199095B3001A9555 /* SearchResultCell.h */,
				D0CA9ED7199095B3001A9555 /* SearchResultCell.m */,
			);
			name = Search;
			sourceTree = "<group>";
		};
		D0407EA4197A565300894414 /* Message */ = {
			isa = PBXGroup;
			children = (
				D0CE14AC1982239D00ED77E0 /* MessageVC.h */,
				D0CE14AD1982239D00ED77E0 /* MessageVC.m */,
				D0DBEBAD19906DD300B01FCB /* ClassMsg */,
			);
			name = Message;
			sourceTree = "<group>";
		};
		D0407EA5197A565800894414 /* Settings */ = {
			isa = PBXGroup;
			children = (
				D0407EAF197A6E6A00894414 /* SettingsVC.h */,
				D0407EB0197A6E6A00894414 /* SettingsVC.m */,
				D0F114251991C94400FE1A99 /* OrderList */,
				D0EA9F4119913255002DCBB0 /* MyFollow */,
				D0EA9F3319911484002DCBB0 /* ParentMonitor */,
				D0EA9F2F199113F4002DCBB0 /* AddressList */,
				D0CA9ED91990CA19001A9555 /* PersonalSettings */,
				D0EA9F2E199113B2002DCBB0 /* MyClass */,
			);
			name = Settings;
			sourceTree = "<group>";
		};
		D06BCACC198C8A9D0047ACC3 /* MyLessonCells */ = {
			isa = PBXGroup;
			children = (
				D06BCACD198C8AF20047ACC3 /* MyLessonCustomCell.h */,
				D06BCACE198C8AF20047ACC3 /* MyLessonCustomCell.m */,
				D06BCAD0198C8B070047ACC3 /* SchoolLessonCustomCell.h */,
				D06BCAD1198C8B070047ACC3 /* SchoolLessonCustomCell.m */,
			);
			name = MyLessonCells;
			sourceTree = "<group>";
		};
		D0C076AA198934E2004CB68D /* ClassExtensions */ = {
			isa = PBXGroup;
			children = (
				D0C076AC19893518004CB68D /* NSString+MD5.h */,
				D0C076AD19893518004CB68D /* NSString+MD5.m */,
			);
			name = ClassExtensions;
			sourceTree = "<group>";
		};
		D0C70448198F594F00A234D7 /* tmp */ = {
			isa = PBXGroup;
			children = (
				D0EA9F2C19910F89002DCBB0 /* member.png */,
				D0C7044E198F7F4900A234D7 /* teacherHead.png */,
				D0C70449198F594F00A234D7 /* math.png */,
			);
			path = tmp;
			sourceTree = "<group>";
		};
		D0CA9ED91990CA19001A9555 /* PersonalSettings */ = {
			isa = PBXGroup;
			children = (
				C003179F197F8F3F0072551F /* PersonalVC.h */,
				C00317A0197F8F3F0072551F /* PersonalVC.m */,
				D0CA9EDA1990CA90001A9555 /* PersonSettingBaseVC.h */,
				D0CA9EDB1990CA90001A9555 /* PersonSettingBaseVC.m */,
				D0CA9EDD1990CB85001A9555 /* ChangeNickNameVC.h */,
				D0CA9EDE1990CB85001A9555 /* ChangeNickNameVC.m */,
				D0CA9EE01990CBA0001A9555 /* ChangePasswordVC.h */,
				D0CA9EE11990CBA0001A9555 /* ChangePasswordVC.m */,
			);
			name = PersonalSettings;
			sourceTree = "<group>";
		};
		D0CC0AEF1987D3DE002595F8 /* WBSegment */ = {
			isa = PBXGroup;
			children = (
				D0CE13AD198A0609002FA3A3 /* WBSegment.h */,
				D0CE13AE198A0609002FA3A3 /* WBSegment.m */,
			);
			path = WBSegment;
			sourceTree = "<group>";
		};
		D0CC0AF31987D474002595F8 /* WBCheckBox */ = {
			isa = PBXGroup;
			children = (
				D0CC0AF41987D474002595F8 /* WBCheckBox.h */,
				D0CC0AF51987D474002595F8 /* WBCheckBox.m */,
			);
			path = WBCheckBox;
			sourceTree = "<group>";
		};
		D0CC0AF61987D474002595F8 /* WBCombList */ = {
			isa = PBXGroup;
			children = (
				D0CFF19B1988BB8800A6ABF2 /* WBCombListHeader.h */,
				D0CFF19C1988BB8800A6ABF2 /* WBCombListHeader.m */,
				D0CC0AF71987D474002595F8 /* WBCombList.h */,
				D0CC0AF81987D474002595F8 /* WBCombList.m */,
			);
			path = WBCombList;
			sourceTree = "<group>";
		};
		D0DBEBAD19906DD300B01FCB /* ClassMsg */ = {
			isa = PBXGroup;
			children = (
				D0DBEBAE19906DF600B01FCB /* ClassMsgCell.h */,
				D0DBEBAF19906DF600B01FCB /* ClassMsgCell.m */,
				D0CA9ED319908C9C001A9555 /* SchoolMsgCell.h */,
				D0CA9ED419908C9C001A9555 /* SchoolMsgCell.m */,
			);
			name = ClassMsg;
			sourceTree = "<group>";
		};
		D0E255C1197F450B00F45365 /* Library */ = {
			isa = PBXGroup;
			children = (
				D0E34175198B1CE7009DEBF1 /* WBHTTPRequest */,
				D0CC0AF31987D474002595F8 /* WBCheckBox */,
				D0CC0AF61987D474002595F8 /* WBCombList */,
				D0CC0AEF1987D3DE002595F8 /* WBSegment */,
			);
			path = Library;
			sourceTree = "<group>";
		};
		D0E255C5197F609800F45365 /* Login&Register */ = {
			isa = PBXGroup;
			children = (
				D0E255C6197F60A300F45365 /* loginBack.png */,
				D0E255C7197F60A300F45365 /* passwordIcon.png */,
				D0E255C8197F60A300F45365 /* register.png */,
				D0E255C9197F60A300F45365 /* registerEnd.png */,
				D0E255CA197F60A300F45365 /* registerNext.png */,
				D0E255CB197F60A300F45365 /* textBack.png */,
				D0E255CC197F60A300F45365 /* userNameIcon.png */,
			);
			path = "Login&Register";
			sourceTree = "<group>";
		};
		D0E255D4197F6AB500F45365 /* Login */ = {
			isa = PBXGroup;
			children = (
				D0C7043419885D9B00EB4426 /* LoginBaseVC.h */,
				D0C7043519885D9B00EB4426 /* LoginBaseVC.m */,
				D0E255D5197F6AD000F45365 /* LoginVC.h */,
				D0E255D6197F6AD000F45365 /* LoginVC.m */,
				D0E255DB197F832900F45365 /* FindPasswordVC.h */,
				D0E255DC197F832900F45365 /* FindPasswordVC.m */,
				D0E255D8197F831500F45365 /* RegisterVC.h */,
				D0E255D9197F831500F45365 /* RegisterVC.m */,
				D0CC0AEC1987D2CD002595F8 /* FulFillInfoVC.h */,
				D0CC0AED1987D2CD002595F8 /* FulFillInfoVC.m */,
			);
			name = Login;
			sourceTree = "<group>";
		};
		D0E34175198B1CE7009DEBF1 /* WBHTTPRequest */ = {
			isa = PBXGroup;
			children = (
				D0E34176198B1CE7009DEBF1 /* WBHTTPRequest.h */,
				D0E34177198B1CE7009DEBF1 /* WBHTTPRequest.m */,
			);
			path = WBHTTPRequest;
			sourceTree = "<group>";
		};
		D0EA9F2E199113B2002DCBB0 /* MyClass */ = {
			isa = PBXGroup;
			children = (
				D0CE14A91981EC5F00ED77E0 /* MyClassVC.h */,
				D0CE14AA1981EC5F00ED77E0 /* MyClassVC.m */,
				D0CA9EE31990ED21001A9555 /* MemberListCell.h */,
				D0CA9EE41990ED21001A9555 /* MemberListCell.m */,
			);
			name = MyClass;
			sourceTree = "<group>";
		};
		D0EA9F2F199113F4002DCBB0 /* AddressList */ = {
			isa = PBXGroup;
			children = (
				D0EA9F301991142F002DCBB0 /* AddressListVC.h */,
				D0EA9F311991142F002DCBB0 /* AddressListVC.m */,
				D0EA9F3E1991235A002DCBB0 /* AddressListItemCell.h */,
				D0EA9F3F1991235A002DCBB0 /* AddressListItemCell.m */,
			);
			name = AddressList;
			sourceTree = "<group>";
		};
		D0EA9F3319911484002DCBB0 /* ParentMonitor */ = {
			isa = PBXGroup;
			children = (
				D0EA9F3B19911E83002DCBB0 /* ParentMonitorVC.h */,
				D0EA9F3C19911E83002DCBB0 /* ParentMonitorVC.m */,
				D0EA9F34199114D6002DCBB0 /* MapVC.h */,
				D0EA9F35199114D6002DCBB0 /* MapVC.m */,
			);
			name = ParentMonitor;
			sourceTree = "<group>";
		};
		D0EA9F4119913255002DCBB0 /* MyFollow */ = {
			isa = PBXGroup;
			children = (
				D0EA9F45199134B7002DCBB0 /* FollowVC.h */,
				D0EA9F46199134B7002DCBB0 /* FollowVC.m */,
				D0EA9F4219913493002DCBB0 /* FollowSubjectContainer.h */,
				D0EA9F4319913493002DCBB0 /* FollowSubjectContainer.m */,
			);
			name = MyFollow;
			sourceTree = "<group>";
		};
		D0F114251991C94400FE1A99 /* OrderList */ = {
			isa = PBXGroup;
			children = (
			);
			name = OrderList;
			sourceTree = "<group>";
		};
/* End PBXGroup section */

/* Begin PBXNativeTarget section */
		D0407E30197A1B1200894414 /* JXT */ = {
			isa = PBXNativeTarget;
			buildConfigurationList = D0407E63197A1B1200894414 /* Build configuration list for PBXNativeTarget "JXT" */;
			buildPhases = (
				D0407E2D197A1B1200894414 /* Sources */,
				D0407E2E197A1B1200894414 /* Frameworks */,
				D0407E2F197A1B1200894414 /* Resources */,
			);
			buildRules = (
			);
			dependencies = (
			);
			name = JXT;
			productName = JXT;
			productReference = D0407E31197A1B1200894414 /* JXT.app */;
			productType = "com.apple.product-type.application";
		};
		D0407E51197A1B1200894414 /* JXTTests */ = {
			isa = PBXNativeTarget;
			buildConfigurationList = D0407E66197A1B1200894414 /* Build configuration list for PBXNativeTarget "JXTTests" */;
			buildPhases = (
				D0407E4E197A1B1200894414 /* Sources */,
				D0407E4F197A1B1200894414 /* Frameworks */,
				D0407E50197A1B1200894414 /* Resources */,
			);
			buildRules = (
			);
			dependencies = (
				D0407E58197A1B1200894414 /* PBXTargetDependency */,
			);
			name = JXTTests;
			productName = JXTTests;
			productReference = D0407E52197A1B1200894414 /* JXTTests.xctest */;
			productType = "com.apple.product-type.bundle.unit-test";
		};
/* End PBXNativeTarget section */

/* Begin PBXProject section */
		D0407E29197A1B1200894414 /* Project object */ = {
			isa = PBXProject;
			attributes = {
				LastUpgradeCheck = 0510;
				ORGANIZATIONNAME = "伍 兵";
				TargetAttributes = {
					D0407E51197A1B1200894414 = {
						TestTargetID = D0407E30197A1B1200894414;
					};
				};
			};
			buildConfigurationList = D0407E2C197A1B1200894414 /* Build configuration list for PBXProject "JXT" */;
			compatibilityVersion = "Xcode 3.2";
			developmentRegion = English;
			hasScannedForEncodings = 0;
			knownRegions = (
				en,
				Base,
			);
			mainGroup = D0407E28197A1B1200894414;
			productRefGroup = D0407E32197A1B1200894414 /* Products */;
			projectDirPath = "";
			projectRoot = "";
			targets = (
				D0407E30197A1B1200894414 /* JXT */,
				D0407E51197A1B1200894414 /* JXTTests */,
			);
		};
/* End PBXProject section */

/* Begin PBXResourcesBuildPhase section */
		D0407E2F197A1B1200894414 /* Resources */ = {
			isa = PBXResourcesBuildPhase;
			buildActionMask = 2147483647;
			files = (
				D0407E86197A26BD00894414 /* 设置1.png in Resources */,
				D0407E7A197A257E00894414 /* 设置2.png in Resources */,
				D0E255D3197F60A300F45365 /* userNameIcon.png in Resources */,
				D0407E93197A4C8800894414 /* detail.png in Resources */,
				D061324F197A72DE00052FDC /* myNotice.png in Resources */,
				D0407E4D197A1B1200894414 /* Images.xcassets in Resources */,
				D0E255D1197F60A300F45365 /* registerNext.png in Resources */,
				D061324B197A72DE00052FDC /* cards.png in Resources */,
				D0E255D0197F60A300F45365 /* registerEnd.png in Resources */,
				D0407E9C197A4CA100894414 /* 模块背景.png in Resources */,
				D0613250197A72DE00052FDC /* settings_settings.png in Resources */,
				D0407E94197A4C8800894414 /* menu.png in Resources */,
				D0407E87197A26BD00894414 /* 首页2.png in Resources */,
				D0613251197A72DE00052FDC /* shopCart.png in Resources */,
				D0613253197A72DE00052FDC /* userInfo.png in Resources */,
				D0407E3F197A1B1200894414 /* InfoPlist.strings in Resources */,
				D0E255CD197F60A300F45365 /* loginBack.png in Resources */,
				D061324A197A72DE00052FDC /* addressList.png in Resources */,
				D061324E197A72DE00052FDC /* myClass.png in Resources */,
				D0E255CF197F60A300F45365 /* register.png in Resources */,
				D0407E88197A26BD00894414 /* 首页1.png in Resources */,
				D0C7044F198F7F4900A234D7 /* teacherHead.png in Resources */,
				D0407E83197A26BD00894414 /* 搜索1.png in Resources */,
				D0E255D2197F60A300F45365 /* textBack.png in Resources */,
				D0407E7C197A25A600894414 /* 消息2.png in Resources */,
				D0407E90197A4C2200894414 /* logo.png in Resources */,
				D061324C197A72DE00052FDC /* charger.png in Resources */,
				D0407E99197A4CA100894414 /* 名师荟萃.png in Resources */,
				D0EA9F2D19910F89002DCBB0 /* member.png in Resources */,
				D0407E85197A26BD00894414 /* 消息1.png in Resources */,
				D0407E48197A1B1200894414 /* Main.storyboard in Resources */,
				D0407E9A197A4CA100894414 /* 微课超市.png in Resources */,
				D0407E9B197A4CA100894414 /* 我的课程.png in Resources */,
				D0613252197A72DE00052FDC /* tradeList.png in Resources */,
				D0C7044A198F594F00A234D7 /* math.png in Resources */,
				D0CFF1A11989035A00A6ABF2 /* detailDown.png in Resources */,
				D0407E9E197A4D2D00894414 /* banner.png in Resources */,
				D0E1CD88197EBBFB00733568 /* BaseVC.xib in Resources */,
				D061324D197A72DE00052FDC /* defaultUser.png in Resources */,
				D0407E84197A26BD00894414 /* 搜索2.png in Resources */,
				D0E255CE197F60A300F45365 /* passwordIcon.png in Resources */,
			);
			runOnlyForDeploymentPostprocessing = 0;
		};
		D0407E50197A1B1200894414 /* Resources */ = {
			isa = PBXResourcesBuildPhase;
			buildActionMask = 2147483647;
			files = (
				D0407E5E197A1B1200894414 /* InfoPlist.strings in Resources */,
			);
			runOnlyForDeploymentPostprocessing = 0;
		};
/* End PBXResourcesBuildPhase section */

/* Begin PBXSourcesBuildPhase section */
		D0407E2D197A1B1200894414 /* Sources */ = {
			isa = PBXSourcesBuildPhase;
			buildActionMask = 2147483647;
			files = (
				D06BCACF198C8AF20047ACC3 /* MyLessonCustomCell.m in Sources */,
				D0CC0AEE1987D2CD002595F8 /* FulFillInfoVC.m in Sources */,
				D0CE14AB1981EC5F00ED77E0 /* MyClassVC.m in Sources */,
				D0CE14AE1982239D00ED77E0 /* MessageVC.m in Sources */,
				D0C7044D198F7AF700A234D7 /* HomeWorkTopView.m in Sources */,
				D0407EB1197A6E6A00894414 /* SettingsVC.m in Sources */,
				D0407E8B197A394900894414 /* RootTabBarController.m in Sources */,
				D0CC0AF91987D474002595F8 /* WBCheckBox.m in Sources */,
				D0E1CD87197EBBFB00733568 /* BaseVC.m in Sources */,
				D0CA9ED8199095B3001A9555 /* SearchResultCell.m in Sources */,
				D0407EAE197A571400894414 /* TeacherVC.m in Sources */,
				D0CA9EDF1990CB85001A9555 /* ChangeNickNameVC.m in Sources */,
				D0CA9EE51990ED21001A9555 /* MemberListCell.m in Sources */,
				D0EA9F4419913493002DCBB0 /* FollowSubjectContainer.m in Sources */,
				D0C70447198F3A0000A234D7 /* RootVC.m in Sources */,
				D0CC0AFE1987F37D002595F8 /* GlobalDataManager.m in Sources */,
				D0407E45197A1B1200894414 /* AppDelegate.m in Sources */,
				D0DBEBB019906DF600B01FCB /* ClassMsgCell.m in Sources */,
				D0407EA2197A562600894414 /* HomeVC.m in Sources */,
				D0EA9F401991235A002DCBB0 /* AddressListItemCell.m in Sources */,
				D0E255DD197F832900F45365 /* FindPasswordVC.m in Sources */,
				D0407EAB197A56EE00894414 /* LessonMarketVC.m in Sources */,
				D0407E41197A1B1200894414 /* main.m in Sources */,
				D0EA9F36199114D6002DCBB0 /* MapVC.m in Sources */,
				D0E1CD7E197EB10800733568 /* SearchViewController.m in Sources */,
				D0407EA8197A56D600894414 /* MyLessonVC.m in Sources */,
				D06BCAD2198C8B070047ACC3 /* SchoolLessonCustomCell.m in Sources */,
				D0E34178198B1CE7009DEBF1 /* WBHTTPRequest.m in Sources */,
				D0E255DA197F831500F45365 /* RegisterVC.m in Sources */,
				C00317A1197F8F3F0072551F /* PersonalVC.m in Sources */,
				D0EA9F321991142F002DCBB0 /* AddressListVC.m in Sources */,
				D0C076AE19893518004CB68D /* NSString+MD5.m in Sources */,
				D0CA9EE21990CBA0001A9555 /* ChangePasswordVC.m in Sources */,
				D0EA9F3D19911E83002DCBB0 /* ParentMonitorVC.m in Sources */,
				D0CA9ED519908C9C001A9555 /* SchoolMsgCell.m in Sources */,
				D0CE13AF198A0609002FA3A3 /* WBSegment.m in Sources */,
				D0CC0AFA1987D474002595F8 /* WBCombList.m in Sources */,
				D0CFF19D1988BB8800A6ABF2 /* WBCombListHeader.m in Sources */,
				D0C7043619885D9B00EB4426 /* LoginBaseVC.m in Sources */,
				D0CA9EDC1990CA90001A9555 /* PersonSettingBaseVC.m in Sources */,
				D0EA9F47199134B7002DCBB0 /* FollowVC.m in Sources */,
				D0E255D7197F6AD000F45365 /* LoginVC.m in Sources */,
				D0407E8E197A482E00894414 /* BaseNavigationController.m in Sources */,
			);
			runOnlyForDeploymentPostprocessing = 0;
		};
		D0407E4E197A1B1200894414 /* Sources */ = {
			isa = PBXSourcesBuildPhase;
			buildActionMask = 2147483647;
			files = (
				D0407E60197A1B1200894414 /* JXTTests.m in Sources */,
			);
			runOnlyForDeploymentPostprocessing = 0;
		};
/* End PBXSourcesBuildPhase section */

/* Begin PBXTargetDependency section */
		D0407E58197A1B1200894414 /* PBXTargetDependency */ = {
			isa = PBXTargetDependency;
			target = D0407E30197A1B1200894414 /* JXT */;
			targetProxy = D0407E57197A1B1200894414 /* PBXContainerItemProxy */;
		};
/* End PBXTargetDependency section */

/* Begin PBXVariantGroup section */
		D0407E3D197A1B1200894414 /* InfoPlist.strings */ = {
			isa = PBXVariantGroup;
			children = (
				D0407E3E197A1B1200894414 /* en */,
			);
			name = InfoPlist.strings;
			sourceTree = "<group>";
		};
		D0407E46197A1B1200894414 /* Main.storyboard */ = {
			isa = PBXVariantGroup;
			children = (
				D0407E47197A1B1200894414 /* Base */,
			);
			name = Main.storyboard;
			sourceTree = "<group>";
		};
		D0407E5C197A1B1200894414 /* InfoPlist.strings */ = {
			isa = PBXVariantGroup;
			children = (
				D0407E5D197A1B1200894414 /* en */,
			);
			name = InfoPlist.strings;
			sourceTree = "<group>";
		};
/* End PBXVariantGroup section */

/* Begin XCBuildConfiguration section */
		D0407E61197A1B1200894414 /* Debug */ = {
			isa = XCBuildConfiguration;
			buildSettings = {
				ALWAYS_SEARCH_USER_PATHS = NO;
				CLANG_CXX_LANGUAGE_STANDARD = "gnu++0x";
				CLANG_CXX_LIBRARY = "libc++";
				CLANG_ENABLE_MODULES = YES;
				CLANG_ENABLE_OBJC_ARC = YES;
				CLANG_WARN_BOOL_CONVERSION = YES;
				CLANG_WARN_CONSTANT_CONVERSION = YES;
				CLANG_WARN_DIRECT_OBJC_ISA_USAGE = YES_ERROR;
				CLANG_WARN_EMPTY_BODY = YES;
				CLANG_WARN_ENUM_CONVERSION = YES;
				CLANG_WARN_INT_CONVERSION = YES;
				CLANG_WARN_OBJC_ROOT_CLASS = YES_ERROR;
				CLANG_WARN__DUPLICATE_METHOD_MATCH = YES;
				"CODE_SIGN_IDENTITY[sdk=iphoneos*]" = "iPhone Developer";
				COPY_PHASE_STRIP = NO;
				GCC_C_LANGUAGE_STANDARD = gnu99;
				GCC_DYNAMIC_NO_PIC = NO;
				GCC_OPTIMIZATION_LEVEL = 0;
				GCC_PREPROCESSOR_DEFINITIONS = (
					"DEBUG=1",
					"$(inherited)",
				);
				GCC_SYMBOLS_PRIVATE_EXTERN = NO;
				GCC_WARN_64_TO_32_BIT_CONVERSION = YES;
				GCC_WARN_ABOUT_RETURN_TYPE = YES_ERROR;
				GCC_WARN_UNDECLARED_SELECTOR = YES;
				GCC_WARN_UNINITIALIZED_AUTOS = YES_AGGRESSIVE;
				GCC_WARN_UNUSED_FUNCTION = YES;
				GCC_WARN_UNUSED_VARIABLE = YES;
				IPHONEOS_DEPLOYMENT_TARGET = 7.1;
				ONLY_ACTIVE_ARCH = YES;
				SDKROOT = iphoneos;
			};
			name = Debug;
		};
		D0407E62197A1B1200894414 /* Release */ = {
			isa = XCBuildConfiguration;
			buildSettings = {
				ALWAYS_SEARCH_USER_PATHS = NO;
				CLANG_CXX_LANGUAGE_STANDARD = "gnu++0x";
				CLANG_CXX_LIBRARY = "libc++";
				CLANG_ENABLE_MODULES = YES;
				CLANG_ENABLE_OBJC_ARC = YES;
				CLANG_WARN_BOOL_CONVERSION = YES;
				CLANG_WARN_CONSTANT_CONVERSION = YES;
				CLANG_WARN_DIRECT_OBJC_ISA_USAGE = YES_ERROR;
				CLANG_WARN_EMPTY_BODY = YES;
				CLANG_WARN_ENUM_CONVERSION = YES;
				CLANG_WARN_INT_CONVERSION = YES;
				CLANG_WARN_OBJC_ROOT_CLASS = YES_ERROR;
				CLANG_WARN__DUPLICATE_METHOD_MATCH = YES;
				"CODE_SIGN_IDENTITY[sdk=iphoneos*]" = "iPhone Developer";
				COPY_PHASE_STRIP = YES;
				ENABLE_NS_ASSERTIONS = NO;
				GCC_C_LANGUAGE_STANDARD = gnu99;
				GCC_WARN_64_TO_32_BIT_CONVERSION = YES;
				GCC_WARN_ABOUT_RETURN_TYPE = YES_ERROR;
				GCC_WARN_UNDECLARED_SELECTOR = YES;
				GCC_WARN_UNINITIALIZED_AUTOS = YES_AGGRESSIVE;
				GCC_WARN_UNUSED_FUNCTION = YES;
				GCC_WARN_UNUSED_VARIABLE = YES;
				IPHONEOS_DEPLOYMENT_TARGET = 7.1;
				SDKROOT = iphoneos;
				VALIDATE_PRODUCT = YES;
			};
			name = Release;
		};
		D0407E64197A1B1200894414 /* Debug */ = {
			isa = XCBuildConfiguration;
			buildSettings = {
				ASSETCATALOG_COMPILER_APPICON_NAME = AppIcon;
				ASSETCATALOG_COMPILER_LAUNCHIMAGE_NAME = LaunchImage;
				CLANG_ENABLE_OBJC_ARC = NO;
				CODE_SIGN_IDENTITY = "";
				"CODE_SIGN_IDENTITY[sdk=iphoneos*]" = "iPhone Developer";
				GCC_PRECOMPILE_PREFIX_HEADER = YES;
				GCC_PREFIX_HEADER = "JXT/JXT-Prefix.pch";
				INFOPLIST_FILE = "JXT/JXT-Info.plist";
				IPHONEOS_DEPLOYMENT_TARGET = 6.0;
				PRODUCT_NAME = "$(TARGET_NAME)";
				PROVISIONING_PROFILE = "";
				WRAPPER_EXTENSION = app;
			};
			name = Debug;
		};
		D0407E65197A1B1200894414 /* Release */ = {
			isa = XCBuildConfiguration;
			buildSettings = {
				ASSETCATALOG_COMPILER_APPICON_NAME = AppIcon;
				ASSETCATALOG_COMPILER_LAUNCHIMAGE_NAME = LaunchImage;
				CLANG_ENABLE_OBJC_ARC = NO;
				CODE_SIGN_IDENTITY = "";
				"CODE_SIGN_IDENTITY[sdk=iphoneos*]" = "iPhone Developer";
				GCC_PRECOMPILE_PREFIX_HEADER = YES;
				GCC_PREFIX_HEADER = "JXT/JXT-Prefix.pch";
				INFOPLIST_FILE = "JXT/JXT-Info.plist";
				IPHONEOS_DEPLOYMENT_TARGET = 6.0;
				PRODUCT_NAME = "$(TARGET_NAME)";
				PROVISIONING_PROFILE = "";
				WRAPPER_EXTENSION = app;
			};
			name = Release;
		};
		D0407E67197A1B1200894414 /* Debug */ = {
			isa = XCBuildConfiguration;
			buildSettings = {
				BUNDLE_LOADER = "$(BUILT_PRODUCTS_DIR)/JXT.app/JXT";
				FRAMEWORK_SEARCH_PATHS = (
					"$(SDKROOT)/Developer/Library/Frameworks",
					"$(inherited)",
					"$(DEVELOPER_FRAMEWORKS_DIR)",
				);
				GCC_PRECOMPILE_PREFIX_HEADER = YES;
				GCC_PREFIX_HEADER = "JXT/JXT-Prefix.pch";
				GCC_PREPROCESSOR_DEFINITIONS = (
					"DEBUG=1",
					"$(inherited)",
				);
				INFOPLIST_FILE = "JXTTests/JXTTests-Info.plist";
				PRODUCT_NAME = "$(TARGET_NAME)";
				TEST_HOST = "$(BUNDLE_LOADER)";
				WRAPPER_EXTENSION = xctest;
			};
			name = Debug;
		};
		D0407E68197A1B1200894414 /* Release */ = {
			isa = XCBuildConfiguration;
			buildSettings = {
				BUNDLE_LOADER = "$(BUILT_PRODUCTS_DIR)/JXT.app/JXT";
				FRAMEWORK_SEARCH_PATHS = (
					"$(SDKROOT)/Developer/Library/Frameworks",
					"$(inherited)",
					"$(DEVELOPER_FRAMEWORKS_DIR)",
				);
				GCC_PRECOMPILE_PREFIX_HEADER = YES;
				GCC_PREFIX_HEADER = "JXT/JXT-Prefix.pch";
				INFOPLIST_FILE = "JXTTests/JXTTests-Info.plist";
				PRODUCT_NAME = "$(TARGET_NAME)";
				TEST_HOST = "$(BUNDLE_LOADER)";
				WRAPPER_EXTENSION = xctest;
			};
			name = Release;
		};
/* End XCBuildConfiguration section */

/* Begin XCConfigurationList section */
		D0407E2C197A1B1200894414 /* Build configuration list for PBXProject "JXT" */ = {
			isa = XCConfigurationList;
			buildConfigurations = (
				D0407E61197A1B1200894414 /* Debug */,
				D0407E62197A1B1200894414 /* Release */,
			);
			defaultConfigurationIsVisible = 0;
			defaultConfigurationName = Release;
		};
		D0407E63197A1B1200894414 /* Build configuration list for PBXNativeTarget "JXT" */ = {
			isa = XCConfigurationList;
			buildConfigurations = (
				D0407E64197A1B1200894414 /* Debug */,
				D0407E65197A1B1200894414 /* Release */,
			);
			defaultConfigurationIsVisible = 0;
			defaultConfigurationName = Release;
		};
		D0407E66197A1B1200894414 /* Build configuration list for PBXNativeTarget "JXTTests" */ = {
			isa = XCConfigurationList;
			buildConfigurations = (
				D0407E67197A1B1200894414 /* Debug */,
				D0407E68197A1B1200894414 /* Release */,
			);
			defaultConfigurationIsVisible = 0;
			defaultConfigurationName = Release;
		};
/* End XCConfigurationList section */
	};
	rootObject = D0407E29197A1B1200894414 /* Project object */;
}
